// !$*UTF8*$!
{
	archiveVersion = 1;
	classes = {
	};
	objectVersion = 46;
	objects = {

/* Begin PBXBuildFile section */
		DC0651E51EC626B300C41CBB /* ZZAESDecryptInputStream.mm in Sources */ = {isa = PBXBuildFile; fileRef = DC0651BC1EC626B300C41CBB /* ZZAESDecryptInputStream.mm */; };
		DC0651E61EC626B300C41CBB /* ZZArchive.mm in Sources */ = {isa = PBXBuildFile; fileRef = DC0651BE1EC626B300C41CBB /* ZZArchive.mm */; };
		DC0651E71EC626B300C41CBB /* ZZArchiveEntry.m in Sources */ = {isa = PBXBuildFile; fileRef = DC0651C01EC626B300C41CBB /* ZZArchiveEntry.m */; };
		DC0651E81EC626B300C41CBB /* ZZConstants.m in Sources */ = {isa = PBXBuildFile; fileRef = DC0651C51EC626B300C41CBB /* ZZConstants.m */; };
		DC0651E91EC626B300C41CBB /* ZZDataChannel.m in Sources */ = {isa = PBXBuildFile; fileRef = DC0651C71EC626B300C41CBB /* ZZDataChannel.m */; };
		DC0651EA1EC626B300C41CBB /* ZZDataChannelOutput.m in Sources */ = {isa = PBXBuildFile; fileRef = DC0651C91EC626B300C41CBB /* ZZDataChannelOutput.m */; };
		DC0651EB1EC626B300C41CBB /* ZZDeflateOutputStream.m in Sources */ = {isa = PBXBuildFile; fileRef = DC0651CC1EC626B300C41CBB /* ZZDeflateOutputStream.m */; };
		DC0651EC1EC626B300C41CBB /* ZZError.m in Sources */ = {isa = PBXBuildFile; fileRef = DC0651CE1EC626B300C41CBB /* ZZError.m */; };
		DC0651ED1EC626B300C41CBB /* ZZFileChannel.m in Sources */ = {isa = PBXBuildFile; fileRef = DC0651D01EC626B300C41CBB /* ZZFileChannel.m */; };
		DC0651EE1EC626B300C41CBB /* ZZFileChannelOutput.m in Sources */ = {isa = PBXBuildFile; fileRef = DC0651D21EC626B300C41CBB /* ZZFileChannelOutput.m */; };
		DC0651EF1EC626B300C41CBB /* ZZInflateInputStream.m in Sources */ = {isa = PBXBuildFile; fileRef = DC0651D51EC626B300C41CBB /* ZZInflateInputStream.m */; };
		DC0651F01EC626B300C41CBB /* ZZNewArchiveEntry.mm in Sources */ = {isa = PBXBuildFile; fileRef = DC0651D71EC626B300C41CBB /* ZZNewArchiveEntry.mm */; };
		DC0651F11EC626B300C41CBB /* ZZNewArchiveEntryWriter.mm in Sources */ = {isa = PBXBuildFile; fileRef = DC0651D91EC626B300C41CBB /* ZZNewArchiveEntryWriter.mm */; };
		DC0651F21EC626B300C41CBB /* ZZOldArchiveEntry.mm in Sources */ = {isa = PBXBuildFile; fileRef = DC0651DB1EC626B300C41CBB /* ZZOldArchiveEntry.mm */; };
		DC0651F31EC626B300C41CBB /* ZZOldArchiveEntryWriter.mm in Sources */ = {isa = PBXBuildFile; fileRef = DC0651DD1EC626B300C41CBB /* ZZOldArchiveEntryWriter.mm */; };
		DC0651F41EC626B300C41CBB /* ZZStandardCryptoEngine.cpp in Sources */ = {isa = PBXBuildFile; fileRef = DC0651DF1EC626B300C41CBB /* ZZStandardCryptoEngine.cpp */; };
		DC0651F51EC626B300C41CBB /* ZZStandardDecryptInputStream.mm in Sources */ = {isa = PBXBuildFile; fileRef = DC0651E21EC626B300C41CBB /* ZZStandardDecryptInputStream.mm */; };
		DC0651F61EC626B300C41CBB /* ZZStoreOutputStream.m in Sources */ = {isa = PBXBuildFile; fileRef = DC0651E41EC626B300C41CBB /* ZZStoreOutputStream.m */; };
		DC0651FA1EC6274400C41CBB /* libz.tbd in Frameworks */ = {isa = PBXBuildFile; fileRef = DC0651F91EC6274400C41CBB /* libz.tbd */; };
		DC0651FF1EC62CBB00C41CBB /* EpubPacker.swift in Sources */ = {isa = PBXBuildFile; fileRef = DC0651FE1EC62CBB00C41CBB /* EpubPacker.swift */; };
		DC0652011EC62E2E00C41CBB /* ZipZapEpubPacker.swift in Sources */ = {isa = PBXBuildFile; fileRef = DC0652001EC62E2E00C41CBB /* ZipZapEpubPacker.swift */; };
		DC0652031EC62E8A00C41CBB /* Packer.swift in Sources */ = {isa = PBXBuildFile; fileRef = DC0652021EC62E8A00C41CBB /* Packer.swift */; };
		DC1D61B81E72AA080048EE84 /* main.swift in Sources */ = {isa = PBXBuildFile; fileRef = DC1D61B71E72AA080048EE84 /* main.swift */; };
		DC1D61BF1E72AA350048EE84 /* epub3gen.swift in Sources */ = {isa = PBXBuildFile; fileRef = DC1D61BE1E72AA350048EE84 /* epub3gen.swift */; };
		DC1D61FD1E731CD20048EE84 /* ContentOpf.swift in Sources */ = {isa = PBXBuildFile; fileRef = DC1D61FC1E731CD20048EE84 /* ContentOpf.swift */; };
		DC1D61FF1E731D630048EE84 /* XmlConvertible.swift in Sources */ = {isa = PBXBuildFile; fileRef = DC1D61FE1E731D630048EE84 /* XmlConvertible.swift */; };
		DC1D62011E7321E90048EE84 /* ContentOpfMetadata.swift in Sources */ = {isa = PBXBuildFile; fileRef = DC1D62001E7321E90048EE84 /* ContentOpfMetadata.swift */; };
		DC1D62041E734B140048EE84 /* Xml.swift in Sources */ = {isa = PBXBuildFile; fileRef = DC1D62031E734B140048EE84 /* Xml.swift */; };
		DC1D62061E7360A90048EE84 /* ContentOpfManifest.swift in Sources */ = {isa = PBXBuildFile; fileRef = DC1D62051E7360A90048EE84 /* ContentOpfManifest.swift */; };
		DC1D62081E73665B0048EE84 /* ContentOpfSpine.swift in Sources */ = {isa = PBXBuildFile; fileRef = DC1D62071E73665B0048EE84 /* ContentOpfSpine.swift */; };
		DC1D620A1E7367F10048EE84 /* TocXhtml.swift in Sources */ = {isa = PBXBuildFile; fileRef = DC1D62091E7367F10048EE84 /* TocXhtml.swift */; };
		DC1D620C1E736CF10048EE84 /* Epub.swift in Sources */ = {isa = PBXBuildFile; fileRef = DC1D620B1E736CF10048EE84 /* Epub.swift */; };
		DC1D620E1E73707F0048EE84 /* String.swift in Sources */ = {isa = PBXBuildFile; fileRef = DC1D620D1E73707F0048EE84 /* String.swift */; };
		DC1D62151E7371570048EE84 /* DispatchQueueFactory.swift in Sources */ = {isa = PBXBuildFile; fileRef = DC1D62121E7371570048EE84 /* DispatchQueueFactory.swift */; };
		DC1D62161E7371570048EE84 /* Output.swift in Sources */ = {isa = PBXBuildFile; fileRef = DC1D62131E7371570048EE84 /* Output.swift */; };
		DC1D62171E7371570048EE84 /* RegEx.swift in Sources */ = {isa = PBXBuildFile; fileRef = DC1D62141E7371570048EE84 /* RegEx.swift */; };
		DC28CDAE221977DD004F676D /* Epub2.swift in Sources */ = {isa = PBXBuildFile; fileRef = DC28CDAD221977DD004F676D /* Epub2.swift */; };
		DC28CDAF221977DD004F676D /* Epub2.swift in Sources */ = {isa = PBXBuildFile; fileRef = DC28CDAD221977DD004F676D /* Epub2.swift */; };
		DC28CDB1221978FA004F676D /* ContentOpfEpub2.swift in Sources */ = {isa = PBXBuildFile; fileRef = DC28CDB0221978FA004F676D /* ContentOpfEpub2.swift */; };
		DC28CDB2221978FA004F676D /* ContentOpfEpub2.swift in Sources */ = {isa = PBXBuildFile; fileRef = DC28CDB0221978FA004F676D /* ContentOpfEpub2.swift */; };
		DC28CDB42219793A004F676D /* TocNcx.swift in Sources */ = {isa = PBXBuildFile; fileRef = DC28CDB32219793A004F676D /* TocNcx.swift */; };
		DC28CDB52219793A004F676D /* TocNcx.swift in Sources */ = {isa = PBXBuildFile; fileRef = DC28CDB32219793A004F676D /* TocNcx.swift */; };
		DC28CDB72219805E004F676D /* ContentOpfMetadataEpub2.swift in Sources */ = {isa = PBXBuildFile; fileRef = DC28CDB62219805E004F676D /* ContentOpfMetadataEpub2.swift */; };
		DC28CDB82219805E004F676D /* ContentOpfMetadataEpub2.swift in Sources */ = {isa = PBXBuildFile; fileRef = DC28CDB62219805E004F676D /* ContentOpfMetadataEpub2.swift */; };
		DC28CDBA22198D7B004F676D /* ContentOpfSpineEpub2.swift in Sources */ = {isa = PBXBuildFile; fileRef = DC28CDB922198D7A004F676D /* ContentOpfSpineEpub2.swift */; };
		DC28CDBB22198D7B004F676D /* ContentOpfSpineEpub2.swift in Sources */ = {isa = PBXBuildFile; fileRef = DC28CDB922198D7A004F676D /* ContentOpfSpineEpub2.swift */; };
		DC28CDBD22199099004F676D /* ContentOpfGuide.swift in Sources */ = {isa = PBXBuildFile; fileRef = DC28CDBC22199099004F676D /* ContentOpfGuide.swift */; };
		DC28CDBE22199099004F676D /* ContentOpfGuide.swift in Sources */ = {isa = PBXBuildFile; fileRef = DC28CDBC22199099004F676D /* ContentOpfGuide.swift */; };
		DC2A395C1E7494DE00643120 /* FileFinder.swift in Sources */ = {isa = PBXBuildFile; fileRef = DC2A395B1E7494DE00643120 /* FileFinder.swift */; };
		DC2A39641E749EBE00643120 /* epubgen_tests.swift in Sources */ = {isa = PBXBuildFile; fileRef = DC2A39631E749EBE00643120 /* epubgen_tests.swift */; };
		DC2A396B1E749FB600643120 /* FileFinder.swift in Sources */ = {isa = PBXBuildFile; fileRef = DC2A395B1E7494DE00643120 /* FileFinder.swift */; };
		DC2A396F1E74A03B00643120 /* ContentOpf.swift in Sources */ = {isa = PBXBuildFile; fileRef = DC1D61FC1E731CD20048EE84 /* ContentOpf.swift */; };
		DC2A39701E74A03B00643120 /* ContentOpfMetadata.swift in Sources */ = {isa = PBXBuildFile; fileRef = DC1D62001E7321E90048EE84 /* ContentOpfMetadata.swift */; };
		DC2A39711E74A03B00643120 /* ContentOpfManifest.swift in Sources */ = {isa = PBXBuildFile; fileRef = DC1D62051E7360A90048EE84 /* ContentOpfManifest.swift */; };
		DC2A39721E74A03B00643120 /* ContentOpfSpine.swift in Sources */ = {isa = PBXBuildFile; fileRef = DC1D62071E73665B0048EE84 /* ContentOpfSpine.swift */; };
		DC2A39731E74A03B00643120 /* TocXhtml.swift in Sources */ = {isa = PBXBuildFile; fileRef = DC1D62091E7367F10048EE84 /* TocXhtml.swift */; };
		DC2A39741E74A03B00643120 /* Epub.swift in Sources */ = {isa = PBXBuildFile; fileRef = DC1D620B1E736CF10048EE84 /* Epub.swift */; };
		DC2A39751E74A04000643120 /* String.swift in Sources */ = {isa = PBXBuildFile; fileRef = DC1D620D1E73707F0048EE84 /* String.swift */; };
		DC2A39761E74A04000643120 /* Xml.swift in Sources */ = {isa = PBXBuildFile; fileRef = DC1D62031E734B140048EE84 /* Xml.swift */; };
		DC2A39771E74A04000643120 /* main.swift in Sources */ = {isa = PBXBuildFile; fileRef = DC1D61B71E72AA080048EE84 /* main.swift */; };
		DC2A39781E74A04400643120 /* DispatchQueueFactory.swift in Sources */ = {isa = PBXBuildFile; fileRef = DC1D62121E7371570048EE84 /* DispatchQueueFactory.swift */; };
		DC2A39791E74A04400643120 /* Output.swift in Sources */ = {isa = PBXBuildFile; fileRef = DC1D62131E7371570048EE84 /* Output.swift */; };
		DC2A397A1E74A04400643120 /* RegEx.swift in Sources */ = {isa = PBXBuildFile; fileRef = DC1D62141E7371570048EE84 /* RegEx.swift */; };
		DC2A397B1E74A04400643120 /* XmlConvertible.swift in Sources */ = {isa = PBXBuildFile; fileRef = DC1D61FE1E731D630048EE84 /* XmlConvertible.swift */; };
		DC2A397C1E74A23E00643120 /* epub3gen.swift in Sources */ = {isa = PBXBuildFile; fileRef = DC1D61BE1E72AA350048EE84 /* epub3gen.swift */; };
		DC2A39A01E7688AA00643120 /* Constants.swift in Sources */ = {isa = PBXBuildFile; fileRef = DC2A399F1E7688AA00643120 /* Constants.swift */; };
		DC2A39A21E768C6900643120 /* FileTypes.swift in Sources */ = {isa = PBXBuildFile; fileRef = DC2A39A11E768C6900643120 /* FileTypes.swift */; };
		DC2A39A31E768C6900643120 /* FileTypes.swift in Sources */ = {isa = PBXBuildFile; fileRef = DC2A39A11E768C6900643120 /* FileTypes.swift */; };
		DC2A39A41E768C6C00643120 /* Constants.swift in Sources */ = {isa = PBXBuildFile; fileRef = DC2A399F1E7688AA00643120 /* Constants.swift */; };
		DC3168C2221BFAFE003868C8 /* Epub2Writer.swift in Sources */ = {isa = PBXBuildFile; fileRef = DC3168C1221BFAFD003868C8 /* Epub2Writer.swift */; };
		DC3168C4221FEB58003868C8 /* epub2gen.swift in Sources */ = {isa = PBXBuildFile; fileRef = DC3168C3221FEB58003868C8 /* epub2gen.swift */; };
		DC3168C5221FEB58003868C8 /* epub2gen.swift in Sources */ = {isa = PBXBuildFile; fileRef = DC3168C3221FEB58003868C8 /* epub2gen.swift */; };
		DC3168C7221FF071003868C8 /* epubgen.swift in Sources */ = {isa = PBXBuildFile; fileRef = DC3168C6221FF071003868C8 /* epubgen.swift */; };
		DC3168C8221FF071003868C8 /* epubgen.swift in Sources */ = {isa = PBXBuildFile; fileRef = DC3168C6221FF071003868C8 /* epubgen.swift */; };
		DC3168CA22200618003868C8 /* XhtmlDocumentEpub2.swift in Sources */ = {isa = PBXBuildFile; fileRef = DC3168C922200618003868C8 /* XhtmlDocumentEpub2.swift */; };
		DC3168CB22200618003868C8 /* XhtmlDocumentEpub2.swift in Sources */ = {isa = PBXBuildFile; fileRef = DC3168C922200618003868C8 /* XhtmlDocumentEpub2.swift */; };
		DC4093F91EC3B7C40020EC34 /* TextFileReader.swift in Sources */ = {isa = PBXBuildFile; fileRef = DC4093F81EC3B7C40020EC34 /* TextFileReader.swift */; };
		DC4093FA1EC3B7C40020EC34 /* TextFileReader.swift in Sources */ = {isa = PBXBuildFile; fileRef = DC4093F81EC3B7C40020EC34 /* TextFileReader.swift */; };
		DC4093FE1EC3B7DF0020EC34 /* Config.swift in Sources */ = {isa = PBXBuildFile; fileRef = DC4093FC1EC3B7DF0020EC34 /* Config.swift */; };
		DC4093FF1EC3B7DF0020EC34 /* Config.swift in Sources */ = {isa = PBXBuildFile; fileRef = DC4093FC1EC3B7DF0020EC34 /* Config.swift */; };
		DC4094001EC3B7DF0020EC34 /* ConfigFileParser.swift in Sources */ = {isa = PBXBuildFile; fileRef = DC4093FD1EC3B7DF0020EC34 /* ConfigFileParser.swift */; };
		DC4094011EC3B7DF0020EC34 /* ConfigFileParser.swift in Sources */ = {isa = PBXBuildFile; fileRef = DC4093FD1EC3B7DF0020EC34 /* ConfigFileParser.swift */; };
		DC4DB6D2205842B3004AC8C2 /* DownRenderable.swift in Sources */ = {isa = PBXBuildFile; fileRef = DC4DB696205842B3004AC8C2 /* DownRenderable.swift */; };
		DC4DB6D3205842B3004AC8C2 /* DownAttributedStringRenderable.swift in Sources */ = {isa = PBXBuildFile; fileRef = DC4DB697205842B3004AC8C2 /* DownAttributedStringRenderable.swift */; };
		DC4DB6D4205842B3004AC8C2 /* DownGroffRenderable.swift in Sources */ = {isa = PBXBuildFile; fileRef = DC4DB698205842B3004AC8C2 /* DownGroffRenderable.swift */; };
		DC4DB6D5205842B3004AC8C2 /* DownXMLRenderable.swift in Sources */ = {isa = PBXBuildFile; fileRef = DC4DB699205842B3004AC8C2 /* DownXMLRenderable.swift */; };
		DC4DB6D6205842B3004AC8C2 /* DownHTMLRenderable.swift in Sources */ = {isa = PBXBuildFile; fileRef = DC4DB69A205842B3004AC8C2 /* DownHTMLRenderable.swift */; };
		DC4DB6D7205842B3004AC8C2 /* DownASTRenderable.swift in Sources */ = {isa = PBXBuildFile; fileRef = DC4DB69B205842B3004AC8C2 /* DownASTRenderable.swift */; };
		DC4DB6D8205842B3004AC8C2 /* DownCommonMarkRenderable.swift in Sources */ = {isa = PBXBuildFile; fileRef = DC4DB69C205842B3004AC8C2 /* DownCommonMarkRenderable.swift */; };
		DC4DB6D9205842B3004AC8C2 /* DownLaTeXRenderable.swift in Sources */ = {isa = PBXBuildFile; fileRef = DC4DB69D205842B3004AC8C2 /* DownLaTeXRenderable.swift */; };
		DC4DB6DA205842B3004AC8C2 /* NSAttributedString+HTML.swift in Sources */ = {isa = PBXBuildFile; fileRef = DC4DB69F205842B3004AC8C2 /* NSAttributedString+HTML.swift */; };
		DC4DB6DB205842B3004AC8C2 /* String+ToHTML.swift in Sources */ = {isa = PBXBuildFile; fileRef = DC4DB6A0205842B3004AC8C2 /* String+ToHTML.swift */; };
		DC4DB6DC205842B3004AC8C2 /* Down.swift in Sources */ = {isa = PBXBuildFile; fileRef = DC4DB6A2205842B3004AC8C2 /* Down.swift */; };
		DC4DB6DD205842B3004AC8C2 /* DownView.swift in Sources */ = {isa = PBXBuildFile; fileRef = DC4DB6A4205842B3004AC8C2 /* DownView.swift */; };
		DC4DB6DE205842B3004AC8C2 /* DownOptions.swift in Sources */ = {isa = PBXBuildFile; fileRef = DC4DB6A6205842B3004AC8C2 /* DownOptions.swift */; };
		DC4DB6DF205842B3004AC8C2 /* DownErrors.swift in Sources */ = {isa = PBXBuildFile; fileRef = DC4DB6A7205842B3004AC8C2 /* DownErrors.swift */; };
		DC4DB6E0205842B3004AC8C2 /* xml.c in Sources */ = {isa = PBXBuildFile; fileRef = DC4DB6A9205842B3004AC8C2 /* xml.c */; };
		DC4DB6E1205842B3004AC8C2 /* cmark.c in Sources */ = {isa = PBXBuildFile; fileRef = DC4DB6AA205842B3004AC8C2 /* cmark.c */; };
		DC4DB6E2205842B3004AC8C2 /* man.c in Sources */ = {isa = PBXBuildFile; fileRef = DC4DB6AB205842B3004AC8C2 /* man.c */; };
		DC4DB6E3205842B3004AC8C2 /* buffer.c in Sources */ = {isa = PBXBuildFile; fileRef = DC4DB6AC205842B3004AC8C2 /* buffer.c */; };
		DC4DB6E4205842B3004AC8C2 /* blocks.c in Sources */ = {isa = PBXBuildFile; fileRef = DC4DB6AD205842B3004AC8C2 /* blocks.c */; };
		DC4DB6E5205842B3004AC8C2 /* cmark_ctype.c in Sources */ = {isa = PBXBuildFile; fileRef = DC4DB6AF205842B3004AC8C2 /* cmark_ctype.c */; };
		DC4DB6E6205842B3004AC8C2 /* inlines.c in Sources */ = {isa = PBXBuildFile; fileRef = DC4DB6B1205842B3004AC8C2 /* inlines.c */; };
		DC4DB6E7205842B3004AC8C2 /* latex.c in Sources */ = {isa = PBXBuildFile; fileRef = DC4DB6B2205842B3004AC8C2 /* latex.c */; };
		DC4DB6E8205842B3004AC8C2 /* houdini_href_e.c in Sources */ = {isa = PBXBuildFile; fileRef = DC4DB6B3205842B3004AC8C2 /* houdini_href_e.c */; };
		DC4DB6EB205842B3004AC8C2 /* houdini_html_e.c in Sources */ = {isa = PBXBuildFile; fileRef = DC4DB6B9205842B3004AC8C2 /* houdini_html_e.c */; };
		DC4DB6EC205842B3004AC8C2 /* utf8.c in Sources */ = {isa = PBXBuildFile; fileRef = DC4DB6BC205842B3004AC8C2 /* utf8.c */; };
		DC4DB6ED205842B3004AC8C2 /* references.c in Sources */ = {isa = PBXBuildFile; fileRef = DC4DB6BD205842B3004AC8C2 /* references.c */; };
		DC4DB6EE205842B3004AC8C2 /* render.c in Sources */ = {isa = PBXBuildFile; fileRef = DC4DB6BE205842B3004AC8C2 /* render.c */; };
		DC4DB6EF205842B4004AC8C2 /* iterator.c in Sources */ = {isa = PBXBuildFile; fileRef = DC4DB6BF205842B3004AC8C2 /* iterator.c */; };
		DC4DB6F0205842B4004AC8C2 /* commonmark.c in Sources */ = {isa = PBXBuildFile; fileRef = DC4DB6C5205842B3004AC8C2 /* commonmark.c */; };
		DC4DB6F1205842B4004AC8C2 /* html.c in Sources */ = {isa = PBXBuildFile; fileRef = DC4DB6C6205842B3004AC8C2 /* html.c */; };
		DC4DB6F2205842B4004AC8C2 /* scanners.c in Sources */ = {isa = PBXBuildFile; fileRef = DC4DB6C8205842B3004AC8C2 /* scanners.c */; };
		DC4DB6F3205842B4004AC8C2 /* houdini_html_u.c in Sources */ = {isa = PBXBuildFile; fileRef = DC4DB6CD205842B3004AC8C2 /* houdini_html_u.c */; };
		DC4DB6F4205842B4004AC8C2 /* node.c in Sources */ = {isa = PBXBuildFile; fileRef = DC4DB6CF205842B3004AC8C2 /* node.c */; };
		DC8352FF1E9EA273005F54CB /* EpubWriter.swift in Sources */ = {isa = PBXBuildFile; fileRef = DC8352FE1E9EA273005F54CB /* EpubWriter.swift */; };
		DC8353001E9EA27F005F54CB /* EpubWriter.swift in Sources */ = {isa = PBXBuildFile; fileRef = DC8352FE1E9EA273005F54CB /* EpubWriter.swift */; };
		DC8353021E9EA694005F54CB /* ContainerXml.swift in Sources */ = {isa = PBXBuildFile; fileRef = DC8353011E9EA694005F54CB /* ContainerXml.swift */; };
		DC8353031E9EA694005F54CB /* ContainerXml.swift in Sources */ = {isa = PBXBuildFile; fileRef = DC8353011E9EA694005F54CB /* ContainerXml.swift */; };
		DC8353091EA09CAE005F54CB /* EpubWriter_tests.swift in Sources */ = {isa = PBXBuildFile; fileRef = DC8353071EA09CAE005F54CB /* EpubWriter_tests.swift */; };
		DC83530A1EA09CAE005F54CB /* FileFinder_tests.swift in Sources */ = {isa = PBXBuildFile; fileRef = DC8353081EA09CAE005F54CB /* FileFinder_tests.swift */; };
		DC8353111EA2414D005F54CB /* URL.swift in Sources */ = {isa = PBXBuildFile; fileRef = DC8353101EA2414D005F54CB /* URL.swift */; };
		DC8353121EA2414D005F54CB /* URL.swift in Sources */ = {isa = PBXBuildFile; fileRef = DC8353101EA2414D005F54CB /* URL.swift */; };
		DC8353161EA36E28005F54CB /* Help.swift in Sources */ = {isa = PBXBuildFile; fileRef = DC8353151EA36E28005F54CB /* Help.swift */; };
		DC8353171EA36E28005F54CB /* Help.swift in Sources */ = {isa = PBXBuildFile; fileRef = DC8353151EA36E28005F54CB /* Help.swift */; };
		DC8E11B61E7A844300BC5D25 /* TemporaryDirectory.swift in Sources */ = {isa = PBXBuildFile; fileRef = DC8E11B51E7A844300BC5D25 /* TemporaryDirectory.swift */; };
		DC8E11B71E7A844300BC5D25 /* TemporaryDirectory.swift in Sources */ = {isa = PBXBuildFile; fileRef = DC8E11B51E7A844300BC5D25 /* TemporaryDirectory.swift */; };
		DCC707961EC1064000C9D43E /* XhtmlDocument.swift in Sources */ = {isa = PBXBuildFile; fileRef = DCC707951EC1064000C9D43E /* XhtmlDocument.swift */; };
		DCC707971EC1064000C9D43E /* XhtmlDocument.swift in Sources */ = {isa = PBXBuildFile; fileRef = DCC707951EC1064000C9D43E /* XhtmlDocument.swift */; };
		DCC7079C1EC10C9B00C9D43E /* PlainMarkdown.swift in Sources */ = {isa = PBXBuildFile; fileRef = DCC7079B1EC10C9B00C9D43E /* PlainMarkdown.swift */; };
		DCC7079D1EC10C9B00C9D43E /* PlainMarkdown.swift in Sources */ = {isa = PBXBuildFile; fileRef = DCC7079B1EC10C9B00C9D43E /* PlainMarkdown.swift */; };
		DCC7079F1EC10CE600C9D43E /* MarkdownConverter.swift in Sources */ = {isa = PBXBuildFile; fileRef = DCC7079E1EC10CE600C9D43E /* MarkdownConverter.swift */; };
		DCC707A01EC10CE600C9D43E /* MarkdownConverter.swift in Sources */ = {isa = PBXBuildFile; fileRef = DCC7079E1EC10CE600C9D43E /* MarkdownConverter.swift */; };
		DCC707A21EC10E8600C9D43E /* Markdown.swift in Sources */ = {isa = PBXBuildFile; fileRef = DCC707A11EC10E8600C9D43E /* Markdown.swift */; };
		DCC707A31EC10E8600C9D43E /* Markdown.swift in Sources */ = {isa = PBXBuildFile; fileRef = DCC707A11EC10E8600C9D43E /* Markdown.swift */; };
		DCD2DA471EC4F0B400191A7D /* DownMarkdown.swift in Sources */ = {isa = PBXBuildFile; fileRef = DCD2DA461EC4F0B400191A7D /* DownMarkdown.swift */; };
/* End PBXBuildFile section */

/* Begin PBXCopyFilesBuildPhase section */
		DC1D61B21E72AA080048EE84 /* CopyFiles */ = {
			isa = PBXCopyFilesBuildPhase;
			buildActionMask = 2147483647;
			dstPath = /usr/share/man/man1/;
			dstSubfolderSpec = 0;
			files = (
			);
			runOnlyForDeploymentPostprocessing = 1;
		};
/* End PBXCopyFilesBuildPhase section */

/* Begin PBXFileReference section */
		DC0651BA1EC626B300C41CBB /* ZipZap.h */ = {isa = PBXFileReference; fileEncoding = 4; lastKnownFileType = sourcecode.c.h; path = ZipZap.h; sourceTree = "<group>"; };
		DC0651BB1EC626B300C41CBB /* ZZAESDecryptInputStream.h */ = {isa = PBXFileReference; fileEncoding = 4; lastKnownFileType = sourcecode.c.h; path = ZZAESDecryptInputStream.h; sourceTree = "<group>"; };
		DC0651BC1EC626B300C41CBB /* ZZAESDecryptInputStream.mm */ = {isa = PBXFileReference; fileEncoding = 4; lastKnownFileType = sourcecode.cpp.objcpp; path = ZZAESDecryptInputStream.mm; sourceTree = "<group>"; };
		DC0651BD1EC626B300C41CBB /* ZZArchive.h */ = {isa = PBXFileReference; fileEncoding = 4; lastKnownFileType = sourcecode.c.h; path = ZZArchive.h; sourceTree = "<group>"; };
		DC0651BE1EC626B300C41CBB /* ZZArchive.mm */ = {isa = PBXFileReference; fileEncoding = 4; lastKnownFileType = sourcecode.cpp.objcpp; path = ZZArchive.mm; sourceTree = "<group>"; };
		DC0651BF1EC626B300C41CBB /* ZZArchiveEntry.h */ = {isa = PBXFileReference; fileEncoding = 4; lastKnownFileType = sourcecode.c.h; path = ZZArchiveEntry.h; sourceTree = "<group>"; };
		DC0651C01EC626B300C41CBB /* ZZArchiveEntry.m */ = {isa = PBXFileReference; fileEncoding = 4; lastKnownFileType = sourcecode.c.objc; path = ZZArchiveEntry.m; sourceTree = "<group>"; };
		DC0651C11EC626B300C41CBB /* ZZArchiveEntryWriter.h */ = {isa = PBXFileReference; fileEncoding = 4; lastKnownFileType = sourcecode.c.h; path = ZZArchiveEntryWriter.h; sourceTree = "<group>"; };
		DC0651C21EC626B300C41CBB /* ZZChannel.h */ = {isa = PBXFileReference; fileEncoding = 4; lastKnownFileType = sourcecode.c.h; path = ZZChannel.h; sourceTree = "<group>"; };
		DC0651C31EC626B300C41CBB /* ZZChannelOutput.h */ = {isa = PBXFileReference; fileEncoding = 4; lastKnownFileType = sourcecode.c.h; path = ZZChannelOutput.h; sourceTree = "<group>"; };
		DC0651C41EC626B300C41CBB /* ZZConstants.h */ = {isa = PBXFileReference; fileEncoding = 4; lastKnownFileType = sourcecode.c.h; path = ZZConstants.h; sourceTree = "<group>"; };
		DC0651C51EC626B300C41CBB /* ZZConstants.m */ = {isa = PBXFileReference; fileEncoding = 4; lastKnownFileType = sourcecode.c.objc; path = ZZConstants.m; sourceTree = "<group>"; };
		DC0651C61EC626B300C41CBB /* ZZDataChannel.h */ = {isa = PBXFileReference; fileEncoding = 4; lastKnownFileType = sourcecode.c.h; path = ZZDataChannel.h; sourceTree = "<group>"; };
		DC0651C71EC626B300C41CBB /* ZZDataChannel.m */ = {isa = PBXFileReference; fileEncoding = 4; lastKnownFileType = sourcecode.c.objc; path = ZZDataChannel.m; sourceTree = "<group>"; };
		DC0651C81EC626B300C41CBB /* ZZDataChannelOutput.h */ = {isa = PBXFileReference; fileEncoding = 4; lastKnownFileType = sourcecode.c.h; path = ZZDataChannelOutput.h; sourceTree = "<group>"; };
		DC0651C91EC626B300C41CBB /* ZZDataChannelOutput.m */ = {isa = PBXFileReference; fileEncoding = 4; lastKnownFileType = sourcecode.c.objc; path = ZZDataChannelOutput.m; sourceTree = "<group>"; };
		DC0651CA1EC626B300C41CBB /* ZZDataProvider.h */ = {isa = PBXFileReference; fileEncoding = 4; lastKnownFileType = sourcecode.c.h; path = ZZDataProvider.h; sourceTree = "<group>"; };
		DC0651CB1EC626B300C41CBB /* ZZDeflateOutputStream.h */ = {isa = PBXFileReference; fileEncoding = 4; lastKnownFileType = sourcecode.c.h; path = ZZDeflateOutputStream.h; sourceTree = "<group>"; };
		DC0651CC1EC626B300C41CBB /* ZZDeflateOutputStream.m */ = {isa = PBXFileReference; fileEncoding = 4; lastKnownFileType = sourcecode.c.objc; path = ZZDeflateOutputStream.m; sourceTree = "<group>"; };
		DC0651CD1EC626B300C41CBB /* ZZError.h */ = {isa = PBXFileReference; fileEncoding = 4; lastKnownFileType = sourcecode.c.h; path = ZZError.h; sourceTree = "<group>"; };
		DC0651CE1EC626B300C41CBB /* ZZError.m */ = {isa = PBXFileReference; fileEncoding = 4; lastKnownFileType = sourcecode.c.objc; path = ZZError.m; sourceTree = "<group>"; };
		DC0651CF1EC626B300C41CBB /* ZZFileChannel.h */ = {isa = PBXFileReference; fileEncoding = 4; lastKnownFileType = sourcecode.c.h; path = ZZFileChannel.h; sourceTree = "<group>"; };
		DC0651D01EC626B300C41CBB /* ZZFileChannel.m */ = {isa = PBXFileReference; fileEncoding = 4; lastKnownFileType = sourcecode.c.objc; path = ZZFileChannel.m; sourceTree = "<group>"; };
		DC0651D11EC626B300C41CBB /* ZZFileChannelOutput.h */ = {isa = PBXFileReference; fileEncoding = 4; lastKnownFileType = sourcecode.c.h; path = ZZFileChannelOutput.h; sourceTree = "<group>"; };
		DC0651D21EC626B300C41CBB /* ZZFileChannelOutput.m */ = {isa = PBXFileReference; fileEncoding = 4; lastKnownFileType = sourcecode.c.objc; path = ZZFileChannelOutput.m; sourceTree = "<group>"; };
		DC0651D31EC626B300C41CBB /* ZZHeaders.h */ = {isa = PBXFileReference; fileEncoding = 4; lastKnownFileType = sourcecode.c.h; path = ZZHeaders.h; sourceTree = "<group>"; };
		DC0651D41EC626B300C41CBB /* ZZInflateInputStream.h */ = {isa = PBXFileReference; fileEncoding = 4; lastKnownFileType = sourcecode.c.h; path = ZZInflateInputStream.h; sourceTree = "<group>"; };
		DC0651D51EC626B300C41CBB /* ZZInflateInputStream.m */ = {isa = PBXFileReference; fileEncoding = 4; lastKnownFileType = sourcecode.c.objc; path = ZZInflateInputStream.m; sourceTree = "<group>"; };
		DC0651D61EC626B300C41CBB /* ZZNewArchiveEntry.h */ = {isa = PBXFileReference; fileEncoding = 4; lastKnownFileType = sourcecode.c.h; path = ZZNewArchiveEntry.h; sourceTree = "<group>"; };
		DC0651D71EC626B300C41CBB /* ZZNewArchiveEntry.mm */ = {isa = PBXFileReference; fileEncoding = 4; lastKnownFileType = sourcecode.cpp.objcpp; path = ZZNewArchiveEntry.mm; sourceTree = "<group>"; };
		DC0651D81EC626B300C41CBB /* ZZNewArchiveEntryWriter.h */ = {isa = PBXFileReference; fileEncoding = 4; lastKnownFileType = sourcecode.c.h; path = ZZNewArchiveEntryWriter.h; sourceTree = "<group>"; };
		DC0651D91EC626B300C41CBB /* ZZNewArchiveEntryWriter.mm */ = {isa = PBXFileReference; fileEncoding = 4; lastKnownFileType = sourcecode.cpp.objcpp; path = ZZNewArchiveEntryWriter.mm; sourceTree = "<group>"; };
		DC0651DA1EC626B300C41CBB /* ZZOldArchiveEntry.h */ = {isa = PBXFileReference; fileEncoding = 4; lastKnownFileType = sourcecode.c.h; path = ZZOldArchiveEntry.h; sourceTree = "<group>"; };
		DC0651DB1EC626B300C41CBB /* ZZOldArchiveEntry.mm */ = {isa = PBXFileReference; fileEncoding = 4; lastKnownFileType = sourcecode.cpp.objcpp; path = ZZOldArchiveEntry.mm; sourceTree = "<group>"; };
		DC0651DC1EC626B300C41CBB /* ZZOldArchiveEntryWriter.h */ = {isa = PBXFileReference; fileEncoding = 4; lastKnownFileType = sourcecode.c.h; path = ZZOldArchiveEntryWriter.h; sourceTree = "<group>"; };
		DC0651DD1EC626B300C41CBB /* ZZOldArchiveEntryWriter.mm */ = {isa = PBXFileReference; fileEncoding = 4; lastKnownFileType = sourcecode.cpp.objcpp; path = ZZOldArchiveEntryWriter.mm; sourceTree = "<group>"; };
		DC0651DE1EC626B300C41CBB /* ZZScopeGuard.h */ = {isa = PBXFileReference; fileEncoding = 4; lastKnownFileType = sourcecode.c.h; path = ZZScopeGuard.h; sourceTree = "<group>"; };
		DC0651DF1EC626B300C41CBB /* ZZStandardCryptoEngine.cpp */ = {isa = PBXFileReference; fileEncoding = 4; lastKnownFileType = sourcecode.cpp.cpp; path = ZZStandardCryptoEngine.cpp; sourceTree = "<group>"; };
		DC0651E01EC626B300C41CBB /* ZZStandardCryptoEngine.h */ = {isa = PBXFileReference; fileEncoding = 4; lastKnownFileType = sourcecode.c.h; path = ZZStandardCryptoEngine.h; sourceTree = "<group>"; };
		DC0651E11EC626B300C41CBB /* ZZStandardDecryptInputStream.h */ = {isa = PBXFileReference; fileEncoding = 4; lastKnownFileType = sourcecode.c.h; path = ZZStandardDecryptInputStream.h; sourceTree = "<group>"; };
		DC0651E21EC626B300C41CBB /* ZZStandardDecryptInputStream.mm */ = {isa = PBXFileReference; fileEncoding = 4; lastKnownFileType = sourcecode.cpp.objcpp; path = ZZStandardDecryptInputStream.mm; sourceTree = "<group>"; };
		DC0651E31EC626B300C41CBB /* ZZStoreOutputStream.h */ = {isa = PBXFileReference; fileEncoding = 4; lastKnownFileType = sourcecode.c.h; path = ZZStoreOutputStream.h; sourceTree = "<group>"; };
		DC0651E41EC626B300C41CBB /* ZZStoreOutputStream.m */ = {isa = PBXFileReference; fileEncoding = 4; lastKnownFileType = sourcecode.c.objc; path = ZZStoreOutputStream.m; sourceTree = "<group>"; };
		DC0651F71EC626CE00C41CBB /* epubgen-Bridging-Header.h */ = {isa = PBXFileReference; fileEncoding = 4; lastKnownFileType = sourcecode.c.h; path = "epubgen-Bridging-Header.h"; sourceTree = "<group>"; };
		DC0651F91EC6274400C41CBB /* libz.tbd */ = {isa = PBXFileReference; lastKnownFileType = "sourcecode.text-based-dylib-definition"; name = libz.tbd; path = usr/lib/libz.tbd; sourceTree = SDKROOT; };
		DC0651FE1EC62CBB00C41CBB /* EpubPacker.swift */ = {isa = PBXFileReference; fileEncoding = 4; lastKnownFileType = sourcecode.swift; path = EpubPacker.swift; sourceTree = "<group>"; };
		DC0652001EC62E2E00C41CBB /* ZipZapEpubPacker.swift */ = {isa = PBXFileReference; fileEncoding = 4; lastKnownFileType = sourcecode.swift; path = ZipZapEpubPacker.swift; sourceTree = "<group>"; };
		DC0652021EC62E8A00C41CBB /* Packer.swift */ = {isa = PBXFileReference; fileEncoding = 4; lastKnownFileType = sourcecode.swift; path = Packer.swift; sourceTree = "<group>"; };
		DC1D61B41E72AA080048EE84 /* epubgen */ = {isa = PBXFileReference; explicitFileType = "compiled.mach-o.executable"; includeInIndex = 0; path = epubgen; sourceTree = BUILT_PRODUCTS_DIR; };
		DC1D61B71E72AA080048EE84 /* main.swift */ = {isa = PBXFileReference; lastKnownFileType = sourcecode.swift; path = main.swift; sourceTree = "<group>"; };
		DC1D61BE1E72AA350048EE84 /* epub3gen.swift */ = {isa = PBXFileReference; fileEncoding = 4; lastKnownFileType = sourcecode.swift; lineEnding = 0; path = epub3gen.swift; sourceTree = "<group>"; xcLanguageSpecificationIdentifier = xcode.lang.swift; };
		DC1D61FC1E731CD20048EE84 /* ContentOpf.swift */ = {isa = PBXFileReference; fileEncoding = 4; lastKnownFileType = sourcecode.swift; path = ContentOpf.swift; sourceTree = "<group>"; };
		DC1D61FE1E731D630048EE84 /* XmlConvertible.swift */ = {isa = PBXFileReference; fileEncoding = 4; lastKnownFileType = sourcecode.swift; path = XmlConvertible.swift; sourceTree = "<group>"; };
		DC1D62001E7321E90048EE84 /* ContentOpfMetadata.swift */ = {isa = PBXFileReference; fileEncoding = 4; lastKnownFileType = sourcecode.swift; path = ContentOpfMetadata.swift; sourceTree = "<group>"; };
		DC1D62031E734B140048EE84 /* Xml.swift */ = {isa = PBXFileReference; fileEncoding = 4; lastKnownFileType = sourcecode.swift; path = Xml.swift; sourceTree = "<group>"; };
		DC1D62051E7360A90048EE84 /* ContentOpfManifest.swift */ = {isa = PBXFileReference; fileEncoding = 4; lastKnownFileType = sourcecode.swift; path = ContentOpfManifest.swift; sourceTree = "<group>"; };
		DC1D62071E73665B0048EE84 /* ContentOpfSpine.swift */ = {isa = PBXFileReference; fileEncoding = 4; lastKnownFileType = sourcecode.swift; path = ContentOpfSpine.swift; sourceTree = "<group>"; };
		DC1D62091E7367F10048EE84 /* TocXhtml.swift */ = {isa = PBXFileReference; fileEncoding = 4; lastKnownFileType = sourcecode.swift; path = TocXhtml.swift; sourceTree = "<group>"; };
		DC1D620B1E736CF10048EE84 /* Epub.swift */ = {isa = PBXFileReference; fileEncoding = 4; lastKnownFileType = sourcecode.swift; path = Epub.swift; sourceTree = "<group>"; };
		DC1D620D1E73707F0048EE84 /* String.swift */ = {isa = PBXFileReference; fileEncoding = 4; lastKnownFileType = sourcecode.swift; path = String.swift; sourceTree = "<group>"; };
		DC1D62121E7371570048EE84 /* DispatchQueueFactory.swift */ = {isa = PBXFileReference; fileEncoding = 4; lastKnownFileType = sourcecode.swift; path = DispatchQueueFactory.swift; sourceTree = "<group>"; };
		DC1D62131E7371570048EE84 /* Output.swift */ = {isa = PBXFileReference; fileEncoding = 4; lastKnownFileType = sourcecode.swift; path = Output.swift; sourceTree = "<group>"; };
		DC1D62141E7371570048EE84 /* RegEx.swift */ = {isa = PBXFileReference; fileEncoding = 4; lastKnownFileType = sourcecode.swift; path = RegEx.swift; sourceTree = "<group>"; };
		DC28CDAD221977DD004F676D /* Epub2.swift */ = {isa = PBXFileReference; lastKnownFileType = sourcecode.swift; path = Epub2.swift; sourceTree = "<group>"; };
		DC28CDB0221978FA004F676D /* ContentOpfEpub2.swift */ = {isa = PBXFileReference; fileEncoding = 4; lastKnownFileType = sourcecode.swift; path = ContentOpfEpub2.swift; sourceTree = "<group>"; };
		DC28CDB32219793A004F676D /* TocNcx.swift */ = {isa = PBXFileReference; fileEncoding = 4; lastKnownFileType = sourcecode.swift; path = TocNcx.swift; sourceTree = "<group>"; };
		DC28CDB62219805E004F676D /* ContentOpfMetadataEpub2.swift */ = {isa = PBXFileReference; fileEncoding = 4; lastKnownFileType = sourcecode.swift; path = ContentOpfMetadataEpub2.swift; sourceTree = "<group>"; };
		DC28CDB922198D7A004F676D /* ContentOpfSpineEpub2.swift */ = {isa = PBXFileReference; fileEncoding = 4; lastKnownFileType = sourcecode.swift; path = ContentOpfSpineEpub2.swift; sourceTree = "<group>"; };
		DC28CDBC22199099004F676D /* ContentOpfGuide.swift */ = {isa = PBXFileReference; lastKnownFileType = sourcecode.swift; path = ContentOpfGuide.swift; sourceTree = "<group>"; };
		DC2A395B1E7494DE00643120 /* FileFinder.swift */ = {isa = PBXFileReference; fileEncoding = 4; lastKnownFileType = sourcecode.swift; path = FileFinder.swift; sourceTree = "<group>"; };
		DC2A39611E749EBE00643120 /* epubgen-tests.xctest */ = {isa = PBXFileReference; explicitFileType = wrapper.cfbundle; includeInIndex = 0; path = "epubgen-tests.xctest"; sourceTree = BUILT_PRODUCTS_DIR; };
		DC2A39631E749EBE00643120 /* epubgen_tests.swift */ = {isa = PBXFileReference; lastKnownFileType = sourcecode.swift; path = epubgen_tests.swift; sourceTree = "<group>"; };
		DC2A39651E749EBE00643120 /* Info.plist */ = {isa = PBXFileReference; lastKnownFileType = text.plist.xml; path = Info.plist; sourceTree = "<group>"; };
		DC2A399F1E7688AA00643120 /* Constants.swift */ = {isa = PBXFileReference; fileEncoding = 4; lastKnownFileType = sourcecode.swift; path = Constants.swift; sourceTree = "<group>"; };
		DC2A39A11E768C6900643120 /* FileTypes.swift */ = {isa = PBXFileReference; fileEncoding = 4; lastKnownFileType = sourcecode.swift; path = FileTypes.swift; sourceTree = "<group>"; };
		DC3168C1221BFAFD003868C8 /* Epub2Writer.swift */ = {isa = PBXFileReference; fileEncoding = 4; lastKnownFileType = sourcecode.swift; path = Epub2Writer.swift; sourceTree = "<group>"; };
		DC3168C3221FEB58003868C8 /* epub2gen.swift */ = {isa = PBXFileReference; fileEncoding = 4; lastKnownFileType = sourcecode.swift; path = epub2gen.swift; sourceTree = "<group>"; };
		DC3168C6221FF071003868C8 /* epubgen.swift */ = {isa = PBXFileReference; lastKnownFileType = sourcecode.swift; path = epubgen.swift; sourceTree = "<group>"; };
		DC3168C922200618003868C8 /* XhtmlDocumentEpub2.swift */ = {isa = PBXFileReference; fileEncoding = 4; lastKnownFileType = sourcecode.swift; path = XhtmlDocumentEpub2.swift; sourceTree = "<group>"; };
		DC4093F71EC3A9830020EC34 /* Resources */ = {isa = PBXFileReference; lastKnownFileType = folder; path = Resources; sourceTree = "<group>"; };
		DC4093F81EC3B7C40020EC34 /* TextFileReader.swift */ = {isa = PBXFileReference; fileEncoding = 4; lastKnownFileType = sourcecode.swift; path = TextFileReader.swift; sourceTree = "<group>"; };
		DC4093FC1EC3B7DF0020EC34 /* Config.swift */ = {isa = PBXFileReference; fileEncoding = 4; lastKnownFileType = sourcecode.swift; path = Config.swift; sourceTree = "<group>"; };
		DC4093FD1EC3B7DF0020EC34 /* ConfigFileParser.swift */ = {isa = PBXFileReference; fileEncoding = 4; lastKnownFileType = sourcecode.swift; path = ConfigFileParser.swift; sourceTree = "<group>"; };
		DC4DB696205842B3004AC8C2 /* DownRenderable.swift */ = {isa = PBXFileReference; fileEncoding = 4; lastKnownFileType = sourcecode.swift; path = DownRenderable.swift; sourceTree = "<group>"; };
		DC4DB697205842B3004AC8C2 /* DownAttributedStringRenderable.swift */ = {isa = PBXFileReference; fileEncoding = 4; lastKnownFileType = sourcecode.swift; path = DownAttributedStringRenderable.swift; sourceTree = "<group>"; };
		DC4DB698205842B3004AC8C2 /* DownGroffRenderable.swift */ = {isa = PBXFileReference; fileEncoding = 4; lastKnownFileType = sourcecode.swift; path = DownGroffRenderable.swift; sourceTree = "<group>"; };
		DC4DB699205842B3004AC8C2 /* DownXMLRenderable.swift */ = {isa = PBXFileReference; fileEncoding = 4; lastKnownFileType = sourcecode.swift; path = DownXMLRenderable.swift; sourceTree = "<group>"; };
		DC4DB69A205842B3004AC8C2 /* DownHTMLRenderable.swift */ = {isa = PBXFileReference; fileEncoding = 4; lastKnownFileType = sourcecode.swift; path = DownHTMLRenderable.swift; sourceTree = "<group>"; };
		DC4DB69B205842B3004AC8C2 /* DownASTRenderable.swift */ = {isa = PBXFileReference; fileEncoding = 4; lastKnownFileType = sourcecode.swift; path = DownASTRenderable.swift; sourceTree = "<group>"; };
		DC4DB69C205842B3004AC8C2 /* DownCommonMarkRenderable.swift */ = {isa = PBXFileReference; fileEncoding = 4; lastKnownFileType = sourcecode.swift; path = DownCommonMarkRenderable.swift; sourceTree = "<group>"; };
		DC4DB69D205842B3004AC8C2 /* DownLaTeXRenderable.swift */ = {isa = PBXFileReference; fileEncoding = 4; lastKnownFileType = sourcecode.swift; path = DownLaTeXRenderable.swift; sourceTree = "<group>"; };
		DC4DB69F205842B3004AC8C2 /* NSAttributedString+HTML.swift */ = {isa = PBXFileReference; fileEncoding = 4; lastKnownFileType = sourcecode.swift; path = "NSAttributedString+HTML.swift"; sourceTree = "<group>"; };
		DC4DB6A0205842B3004AC8C2 /* String+ToHTML.swift */ = {isa = PBXFileReference; fileEncoding = 4; lastKnownFileType = sourcecode.swift; path = "String+ToHTML.swift"; sourceTree = "<group>"; };
		DC4DB6A1205842B3004AC8C2 /* Down.h */ = {isa = PBXFileReference; fileEncoding = 4; lastKnownFileType = sourcecode.c.h; path = Down.h; sourceTree = "<group>"; };
		DC4DB6A2205842B3004AC8C2 /* Down.swift */ = {isa = PBXFileReference; fileEncoding = 4; lastKnownFileType = sourcecode.swift; path = Down.swift; sourceTree = "<group>"; };
		DC4DB6A4205842B3004AC8C2 /* DownView.swift */ = {isa = PBXFileReference; fileEncoding = 4; lastKnownFileType = sourcecode.swift; path = DownView.swift; sourceTree = "<group>"; };
		DC4DB6A6205842B3004AC8C2 /* DownOptions.swift */ = {isa = PBXFileReference; fileEncoding = 4; lastKnownFileType = sourcecode.swift; path = DownOptions.swift; sourceTree = "<group>"; };
		DC4DB6A7205842B3004AC8C2 /* DownErrors.swift */ = {isa = PBXFileReference; fileEncoding = 4; lastKnownFileType = sourcecode.swift; path = DownErrors.swift; sourceTree = "<group>"; };
		DC4DB6A9205842B3004AC8C2 /* xml.c */ = {isa = PBXFileReference; fileEncoding = 4; lastKnownFileType = sourcecode.c.c; path = xml.c; sourceTree = "<group>"; };
		DC4DB6AA205842B3004AC8C2 /* cmark.c */ = {isa = PBXFileReference; fileEncoding = 4; lastKnownFileType = sourcecode.c.c; path = cmark.c; sourceTree = "<group>"; };
		DC4DB6AB205842B3004AC8C2 /* man.c */ = {isa = PBXFileReference; fileEncoding = 4; lastKnownFileType = sourcecode.c.c; path = man.c; sourceTree = "<group>"; };
		DC4DB6AC205842B3004AC8C2 /* buffer.c */ = {isa = PBXFileReference; fileEncoding = 4; lastKnownFileType = sourcecode.c.c; path = buffer.c; sourceTree = "<group>"; };
		DC4DB6AD205842B3004AC8C2 /* blocks.c */ = {isa = PBXFileReference; fileEncoding = 4; lastKnownFileType = sourcecode.c.c; path = blocks.c; sourceTree = "<group>"; };
		DC4DB6AE205842B3004AC8C2 /* debug.h */ = {isa = PBXFileReference; fileEncoding = 4; lastKnownFileType = sourcecode.c.h; path = debug.h; sourceTree = "<group>"; };
		DC4DB6AF205842B3004AC8C2 /* cmark_ctype.c */ = {isa = PBXFileReference; fileEncoding = 4; lastKnownFileType = sourcecode.c.c; path = cmark_ctype.c; sourceTree = "<group>"; };
		DC4DB6B0205842B3004AC8C2 /* cmark_export.h */ = {isa = PBXFileReference; fileEncoding = 4; lastKnownFileType = sourcecode.c.h; path = cmark_export.h; sourceTree = "<group>"; };
		DC4DB6B1205842B3004AC8C2 /* inlines.c */ = {isa = PBXFileReference; fileEncoding = 4; lastKnownFileType = sourcecode.c.c; path = inlines.c; sourceTree = "<group>"; };
		DC4DB6B2205842B3004AC8C2 /* latex.c */ = {isa = PBXFileReference; fileEncoding = 4; lastKnownFileType = sourcecode.c.c; path = latex.c; sourceTree = "<group>"; };
		DC4DB6B3205842B3004AC8C2 /* houdini_href_e.c */ = {isa = PBXFileReference; fileEncoding = 4; lastKnownFileType = sourcecode.c.c; path = houdini_href_e.c; sourceTree = "<group>"; };
		DC4DB6B4205842B3004AC8C2 /* config.h */ = {isa = PBXFileReference; fileEncoding = 4; lastKnownFileType = sourcecode.c.h; path = config.h; sourceTree = "<group>"; };
		DC4DB6B5205842B3004AC8C2 /* chunk.h */ = {isa = PBXFileReference; fileEncoding = 4; lastKnownFileType = sourcecode.c.h; path = chunk.h; sourceTree = "<group>"; };
		DC4DB6B6205842B3004AC8C2 /* case_fold_switch.inc */ = {isa = PBXFileReference; fileEncoding = 4; lastKnownFileType = sourcecode.pascal; path = case_fold_switch.inc; sourceTree = "<group>"; };
		DC4DB6B7205842B3004AC8C2 /* entities.inc */ = {isa = PBXFileReference; fileEncoding = 4; lastKnownFileType = sourcecode.pascal; path = entities.inc; sourceTree = "<group>"; };
		DC4DB6B8205842B3004AC8C2 /* parser.h */ = {isa = PBXFileReference; fileEncoding = 4; lastKnownFileType = sourcecode.c.h; path = parser.h; sourceTree = "<group>"; };
		DC4DB6B9205842B3004AC8C2 /* houdini_html_e.c */ = {isa = PBXFileReference; fileEncoding = 4; lastKnownFileType = sourcecode.c.c; path = houdini_html_e.c; sourceTree = "<group>"; };
		DC4DB6BA205842B3004AC8C2 /* scanners.h */ = {isa = PBXFileReference; fileEncoding = 4; lastKnownFileType = sourcecode.c.h; path = scanners.h; sourceTree = "<group>"; };
		DC4DB6BB205842B3004AC8C2 /* node.h */ = {isa = PBXFileReference; fileEncoding = 4; lastKnownFileType = sourcecode.c.h; path = node.h; sourceTree = "<group>"; };
		DC4DB6BC205842B3004AC8C2 /* utf8.c */ = {isa = PBXFileReference; fileEncoding = 4; lastKnownFileType = sourcecode.c.c; path = utf8.c; sourceTree = "<group>"; };
		DC4DB6BD205842B3004AC8C2 /* references.c */ = {isa = PBXFileReference; fileEncoding = 4; lastKnownFileType = sourcecode.c.c; path = references.c; sourceTree = "<group>"; };
		DC4DB6BE205842B3004AC8C2 /* render.c */ = {isa = PBXFileReference; fileEncoding = 4; lastKnownFileType = sourcecode.c.c; path = render.c; sourceTree = "<group>"; };
		DC4DB6BF205842B3004AC8C2 /* iterator.c */ = {isa = PBXFileReference; fileEncoding = 4; lastKnownFileType = sourcecode.c.c; path = iterator.c; sourceTree = "<group>"; };
		DC4DB6C0205842B3004AC8C2 /* cmark_version.h */ = {isa = PBXFileReference; fileEncoding = 4; lastKnownFileType = sourcecode.c.h; path = cmark_version.h; sourceTree = "<group>"; };
		DC4DB6C1205842B3004AC8C2 /* cmark_ctype.h */ = {isa = PBXFileReference; fileEncoding = 4; lastKnownFileType = sourcecode.c.h; path = cmark_ctype.h; sourceTree = "<group>"; };
		DC4DB6C2205842B3004AC8C2 /* buffer.h */ = {isa = PBXFileReference; fileEncoding = 4; lastKnownFileType = sourcecode.c.h; path = buffer.h; sourceTree = "<group>"; };
		DC4DB6C3205842B3004AC8C2 /* COPYING */ = {isa = PBXFileReference; fileEncoding = 4; lastKnownFileType = text; path = COPYING; sourceTree = "<group>"; };
		DC4DB6C4205842B3004AC8C2 /* cmark.h */ = {isa = PBXFileReference; fileEncoding = 4; lastKnownFileType = sourcecode.c.h; path = cmark.h; sourceTree = "<group>"; };
		DC4DB6C5205842B3004AC8C2 /* commonmark.c */ = {isa = PBXFileReference; fileEncoding = 4; lastKnownFileType = sourcecode.c.c; path = commonmark.c; sourceTree = "<group>"; };
		DC4DB6C6205842B3004AC8C2 /* html.c */ = {isa = PBXFileReference; fileEncoding = 4; lastKnownFileType = sourcecode.c.c; path = html.c; sourceTree = "<group>"; };
		DC4DB6C7205842B3004AC8C2 /* inlines.h */ = {isa = PBXFileReference; fileEncoding = 4; lastKnownFileType = sourcecode.c.h; path = inlines.h; sourceTree = "<group>"; };
		DC4DB6C8205842B3004AC8C2 /* scanners.c */ = {isa = PBXFileReference; fileEncoding = 4; lastKnownFileType = sourcecode.c.c; path = scanners.c; sourceTree = "<group>"; };
		DC4DB6C9205842B3004AC8C2 /* module.modulemap */ = {isa = PBXFileReference; fileEncoding = 4; lastKnownFileType = "sourcecode.module-map"; path = module.modulemap; sourceTree = "<group>"; };
		DC4DB6CA205842B3004AC8C2 /* houdini.h */ = {isa = PBXFileReference; fileEncoding = 4; lastKnownFileType = sourcecode.c.h; path = houdini.h; sourceTree = "<group>"; };
		DC4DB6CB205842B3004AC8C2 /* html_unescape.h */ = {isa = PBXFileReference; fileEncoding = 4; lastKnownFileType = sourcecode.c.h; path = html_unescape.h; sourceTree = "<group>"; };
		DC4DB6CC205842B3004AC8C2 /* iterator.h */ = {isa = PBXFileReference; fileEncoding = 4; lastKnownFileType = sourcecode.c.h; path = iterator.h; sourceTree = "<group>"; };
		DC4DB6CD205842B3004AC8C2 /* houdini_html_u.c */ = {isa = PBXFileReference; fileEncoding = 4; lastKnownFileType = sourcecode.c.c; path = houdini_html_u.c; sourceTree = "<group>"; };
		DC4DB6CE205842B3004AC8C2 /* utf8.h */ = {isa = PBXFileReference; fileEncoding = 4; lastKnownFileType = sourcecode.c.h; path = utf8.h; sourceTree = "<group>"; };
		DC4DB6CF205842B3004AC8C2 /* node.c */ = {isa = PBXFileReference; fileEncoding = 4; lastKnownFileType = sourcecode.c.c; path = node.c; sourceTree = "<group>"; };
		DC4DB6D0205842B3004AC8C2 /* references.h */ = {isa = PBXFileReference; fileEncoding = 4; lastKnownFileType = sourcecode.c.h; path = references.h; sourceTree = "<group>"; };
		DC4DB6D1205842B3004AC8C2 /* render.h */ = {isa = PBXFileReference; fileEncoding = 4; lastKnownFileType = sourcecode.c.h; path = render.h; sourceTree = "<group>"; };
		DC8352FE1E9EA273005F54CB /* EpubWriter.swift */ = {isa = PBXFileReference; fileEncoding = 4; lastKnownFileType = sourcecode.swift; path = EpubWriter.swift; sourceTree = "<group>"; };
		DC8353011E9EA694005F54CB /* ContainerXml.swift */ = {isa = PBXFileReference; fileEncoding = 4; lastKnownFileType = sourcecode.swift; path = ContainerXml.swift; sourceTree = "<group>"; };
		DC8353071EA09CAE005F54CB /* EpubWriter_tests.swift */ = {isa = PBXFileReference; fileEncoding = 4; lastKnownFileType = sourcecode.swift; path = EpubWriter_tests.swift; sourceTree = "<group>"; };
		DC8353081EA09CAE005F54CB /* FileFinder_tests.swift */ = {isa = PBXFileReference; fileEncoding = 4; lastKnownFileType = sourcecode.swift; path = FileFinder_tests.swift; sourceTree = "<group>"; };
		DC8353101EA2414D005F54CB /* URL.swift */ = {isa = PBXFileReference; fileEncoding = 4; lastKnownFileType = sourcecode.swift; path = URL.swift; sourceTree = "<group>"; };
		DC8353151EA36E28005F54CB /* Help.swift */ = {isa = PBXFileReference; fileEncoding = 4; lastKnownFileType = sourcecode.swift; path = Help.swift; sourceTree = "<group>"; };
		DC8E11B51E7A844300BC5D25 /* TemporaryDirectory.swift */ = {isa = PBXFileReference; fileEncoding = 4; lastKnownFileType = sourcecode.swift; path = TemporaryDirectory.swift; sourceTree = "<group>"; };
		DCC707951EC1064000C9D43E /* XhtmlDocument.swift */ = {isa = PBXFileReference; fileEncoding = 4; lastKnownFileType = sourcecode.swift; path = XhtmlDocument.swift; sourceTree = "<group>"; };
		DCC7079B1EC10C9B00C9D43E /* PlainMarkdown.swift */ = {isa = PBXFileReference; fileEncoding = 4; lastKnownFileType = sourcecode.swift; path = PlainMarkdown.swift; sourceTree = "<group>"; };
		DCC7079E1EC10CE600C9D43E /* MarkdownConverter.swift */ = {isa = PBXFileReference; fileEncoding = 4; lastKnownFileType = sourcecode.swift; path = MarkdownConverter.swift; sourceTree = "<group>"; };
		DCC707A11EC10E8600C9D43E /* Markdown.swift */ = {isa = PBXFileReference; fileEncoding = 4; lastKnownFileType = sourcecode.swift; path = Markdown.swift; sourceTree = "<group>"; };
		DCD2DA461EC4F0B400191A7D /* DownMarkdown.swift */ = {isa = PBXFileReference; fileEncoding = 4; lastKnownFileType = sourcecode.swift; path = DownMarkdown.swift; sourceTree = "<group>"; };
/* End PBXFileReference section */

/* Begin PBXFrameworksBuildPhase section */
		DC1D61B11E72AA080048EE84 /* Frameworks */ = {
			isa = PBXFrameworksBuildPhase;
			buildActionMask = 2147483647;
			files = (
				DC0651FA1EC6274400C41CBB /* libz.tbd in Frameworks */,
			);
			runOnlyForDeploymentPostprocessing = 0;
		};
		DC2A395E1E749EBE00643120 /* Frameworks */ = {
			isa = PBXFrameworksBuildPhase;
			buildActionMask = 2147483647;
			files = (
			);
			runOnlyForDeploymentPostprocessing = 0;
		};
/* End PBXFrameworksBuildPhase section */

/* Begin PBXGroup section */
		DC0651B81EC626B300C41CBB /* ZipZap */ = {
			isa = PBXGroup;
			children = (
				DC0651BA1EC626B300C41CBB /* ZipZap.h */,
				DC0651BB1EC626B300C41CBB /* ZZAESDecryptInputStream.h */,
				DC0651BC1EC626B300C41CBB /* ZZAESDecryptInputStream.mm */,
				DC0651BD1EC626B300C41CBB /* ZZArchive.h */,
				DC0651BE1EC626B300C41CBB /* ZZArchive.mm */,
				DC0651BF1EC626B300C41CBB /* ZZArchiveEntry.h */,
				DC0651C01EC626B300C41CBB /* ZZArchiveEntry.m */,
				DC0651C11EC626B300C41CBB /* ZZArchiveEntryWriter.h */,
				DC0651C21EC626B300C41CBB /* ZZChannel.h */,
				DC0651C31EC626B300C41CBB /* ZZChannelOutput.h */,
				DC0651C41EC626B300C41CBB /* ZZConstants.h */,
				DC0651C51EC626B300C41CBB /* ZZConstants.m */,
				DC0651C61EC626B300C41CBB /* ZZDataChannel.h */,
				DC0651C71EC626B300C41CBB /* ZZDataChannel.m */,
				DC0651C81EC626B300C41CBB /* ZZDataChannelOutput.h */,
				DC0651C91EC626B300C41CBB /* ZZDataChannelOutput.m */,
				DC0651CA1EC626B300C41CBB /* ZZDataProvider.h */,
				DC0651CB1EC626B300C41CBB /* ZZDeflateOutputStream.h */,
				DC0651CC1EC626B300C41CBB /* ZZDeflateOutputStream.m */,
				DC0651CD1EC626B300C41CBB /* ZZError.h */,
				DC0651CE1EC626B300C41CBB /* ZZError.m */,
				DC0651CF1EC626B300C41CBB /* ZZFileChannel.h */,
				DC0651D01EC626B300C41CBB /* ZZFileChannel.m */,
				DC0651D11EC626B300C41CBB /* ZZFileChannelOutput.h */,
				DC0651D21EC626B300C41CBB /* ZZFileChannelOutput.m */,
				DC0651D31EC626B300C41CBB /* ZZHeaders.h */,
				DC0651D41EC626B300C41CBB /* ZZInflateInputStream.h */,
				DC0651D51EC626B300C41CBB /* ZZInflateInputStream.m */,
				DC0651D61EC626B300C41CBB /* ZZNewArchiveEntry.h */,
				DC0651D71EC626B300C41CBB /* ZZNewArchiveEntry.mm */,
				DC0651D81EC626B300C41CBB /* ZZNewArchiveEntryWriter.h */,
				DC0651D91EC626B300C41CBB /* ZZNewArchiveEntryWriter.mm */,
				DC0651DA1EC626B300C41CBB /* ZZOldArchiveEntry.h */,
				DC0651DB1EC626B300C41CBB /* ZZOldArchiveEntry.mm */,
				DC0651DC1EC626B300C41CBB /* ZZOldArchiveEntryWriter.h */,
				DC0651DD1EC626B300C41CBB /* ZZOldArchiveEntryWriter.mm */,
				DC0651DE1EC626B300C41CBB /* ZZScopeGuard.h */,
				DC0651DF1EC626B300C41CBB /* ZZStandardCryptoEngine.cpp */,
				DC0651E01EC626B300C41CBB /* ZZStandardCryptoEngine.h */,
				DC0651E11EC626B300C41CBB /* ZZStandardDecryptInputStream.h */,
				DC0651E21EC626B300C41CBB /* ZZStandardDecryptInputStream.mm */,
				DC0651E31EC626B300C41CBB /* ZZStoreOutputStream.h */,
				DC0651E41EC626B300C41CBB /* ZZStoreOutputStream.m */,
			);
			path = ZipZap;
			sourceTree = "<group>";
		};
		DC0651F81EC6274400C41CBB /* Frameworks */ = {
			isa = PBXGroup;
			children = (
				DC0651F91EC6274400C41CBB /* libz.tbd */,
			);
			name = Frameworks;
			sourceTree = "<group>";
		};
		DC0651FD1EC62CBB00C41CBB /* EpubPacker */ = {
			isa = PBXGroup;
			children = (
				DC0651FE1EC62CBB00C41CBB /* EpubPacker.swift */,
				DC0652001EC62E2E00C41CBB /* ZipZapEpubPacker.swift */,
				DC0652021EC62E8A00C41CBB /* Packer.swift */,
			);
			path = EpubPacker;
			sourceTree = "<group>";
		};
		DC1D61AB1E72AA080048EE84 = {
			isa = PBXGroup;
			children = (
				DCD2D9E41EC4EEC300191A7D /* Libraries */,
				DC4093F71EC3A9830020EC34 /* Resources */,
				DC1D61B61E72AA080048EE84 /* epubgen */,
				DC2A39621E749EBE00643120 /* epubgen-tests */,
				DC1D61B51E72AA080048EE84 /* Products */,
				DC0651F81EC6274400C41CBB /* Frameworks */,
			);
			sourceTree = "<group>";
		};
		DC1D61B51E72AA080048EE84 /* Products */ = {
			isa = PBXGroup;
			children = (
				DC1D61B41E72AA080048EE84 /* epubgen */,
				DC2A39611E749EBE00643120 /* epubgen-tests.xctest */,
			);
			name = Products;
			sourceTree = "<group>";
		};
		DC1D61B61E72AA080048EE84 /* epubgen */ = {
			isa = PBXGroup;
			children = (
				DC0651FD1EC62CBB00C41CBB /* EpubPacker */,
				DC4093FB1EC3B7DF0020EC34 /* Config */,
				DC1D61FB1E731CC60048EE84 /* EPUB */,
				DC28CDAC22197768004F676D /* EPUB2 */,
				DC3168C6221FF071003868C8 /* epubgen.swift */,
				DC1D61BE1E72AA350048EE84 /* epub3gen.swift */,
				DC3168C3221FEB58003868C8 /* epub2gen.swift */,
				DC8352FE1E9EA273005F54CB /* EpubWriter.swift */,
				DC3168C1221BFAFD003868C8 /* Epub2Writer.swift */,
				DC1D62021E734B0C0048EE84 /* Extensions */,
				DC8353151EA36E28005F54CB /* Help.swift */,
				DC1D61B71E72AA080048EE84 /* main.swift */,
				DCC7079A1EC10C9B00C9D43E /* Markdown */,
				DC1D62111E7371270048EE84 /* Tools */,
				DC1D61FE1E731D630048EE84 /* XmlConvertible.swift */,
				DC0651F71EC626CE00C41CBB /* epubgen-Bridging-Header.h */,
			);
			path = epubgen;
			sourceTree = "<group>";
		};
		DC1D61FB1E731CC60048EE84 /* EPUB */ = {
			isa = PBXGroup;
			children = (
				DC8353011E9EA694005F54CB /* ContainerXml.swift */,
				DC1D61FC1E731CD20048EE84 /* ContentOpf.swift */,
				DC1D62051E7360A90048EE84 /* ContentOpfManifest.swift */,
				DC1D62001E7321E90048EE84 /* ContentOpfMetadata.swift */,
				DC1D62071E73665B0048EE84 /* ContentOpfSpine.swift */,
				DC1D620B1E736CF10048EE84 /* Epub.swift */,
				DC1D62091E7367F10048EE84 /* TocXhtml.swift */,
				DCC707951EC1064000C9D43E /* XhtmlDocument.swift */,
			);
			path = EPUB;
			sourceTree = "<group>";
		};
		DC1D62021E734B0C0048EE84 /* Extensions */ = {
			isa = PBXGroup;
			children = (
				DC1D620D1E73707F0048EE84 /* String.swift */,
				DC1D62031E734B140048EE84 /* Xml.swift */,
				DC8353101EA2414D005F54CB /* URL.swift */,
			);
			path = Extensions;
			sourceTree = "<group>";
		};
		DC1D62111E7371270048EE84 /* Tools */ = {
			isa = PBXGroup;
			children = (
				DC1D62121E7371570048EE84 /* DispatchQueueFactory.swift */,
				DC1D62131E7371570048EE84 /* Output.swift */,
				DC1D62141E7371570048EE84 /* RegEx.swift */,
				DC2A395B1E7494DE00643120 /* FileFinder.swift */,
				DC2A399F1E7688AA00643120 /* Constants.swift */,
				DC2A39A11E768C6900643120 /* FileTypes.swift */,
				DC8E11B51E7A844300BC5D25 /* TemporaryDirectory.swift */,
				DC4093F81EC3B7C40020EC34 /* TextFileReader.swift */,
			);
			path = Tools;
			sourceTree = "<group>";
		};
		DC28CDAC22197768004F676D /* EPUB2 */ = {
			isa = PBXGroup;
			children = (
				DC28CDB0221978FA004F676D /* ContentOpfEpub2.swift */,
				DC28CDBC22199099004F676D /* ContentOpfGuide.swift */,
				DC28CDB62219805E004F676D /* ContentOpfMetadataEpub2.swift */,
				DC28CDB922198D7A004F676D /* ContentOpfSpineEpub2.swift */,
				DC28CDAD221977DD004F676D /* Epub2.swift */,
				DC28CDB32219793A004F676D /* TocNcx.swift */,
				DC3168C922200618003868C8 /* XhtmlDocumentEpub2.swift */,
			);
			path = EPUB2;
			sourceTree = "<group>";
		};
		DC2A39621E749EBE00643120 /* epubgen-tests */ = {
			isa = PBXGroup;
			children = (
				DC8353061EA09CAE005F54CB /* Playground */,
				DC2A39631E749EBE00643120 /* epubgen_tests.swift */,
				DC2A39651E749EBE00643120 /* Info.plist */,
			);
			path = "epubgen-tests";
			sourceTree = "<group>";
		};
		DC4093FB1EC3B7DF0020EC34 /* Config */ = {
			isa = PBXGroup;
			children = (
				DC4093FC1EC3B7DF0020EC34 /* Config.swift */,
				DC4093FD1EC3B7DF0020EC34 /* ConfigFileParser.swift */,
			);
			path = Config;
			sourceTree = "<group>";
		};
		DC4DB694205842B3004AC8C2 /* Down */ = {
			isa = PBXGroup;
			children = (
				DC4DB695205842B3004AC8C2 /* Renderers */,
				DC4DB69E205842B3004AC8C2 /* Extensions */,
				DC4DB6A1205842B3004AC8C2 /* Down.h */,
				DC4DB6A2205842B3004AC8C2 /* Down.swift */,
				DC4DB6A3205842B3004AC8C2 /* Views */,
				DC4DB6A5205842B3004AC8C2 /* Enums & Options */,
				DC4DB6A8205842B3004AC8C2 /* cmark */,
			);
			path = Down;
			sourceTree = "<group>";
		};
		DC4DB695205842B3004AC8C2 /* Renderers */ = {
			isa = PBXGroup;
			children = (
				DC4DB696205842B3004AC8C2 /* DownRenderable.swift */,
				DC4DB697205842B3004AC8C2 /* DownAttributedStringRenderable.swift */,
				DC4DB698205842B3004AC8C2 /* DownGroffRenderable.swift */,
				DC4DB699205842B3004AC8C2 /* DownXMLRenderable.swift */,
				DC4DB69A205842B3004AC8C2 /* DownHTMLRenderable.swift */,
				DC4DB69B205842B3004AC8C2 /* DownASTRenderable.swift */,
				DC4DB69C205842B3004AC8C2 /* DownCommonMarkRenderable.swift */,
				DC4DB69D205842B3004AC8C2 /* DownLaTeXRenderable.swift */,
			);
			path = Renderers;
			sourceTree = "<group>";
		};
		DC4DB69E205842B3004AC8C2 /* Extensions */ = {
			isa = PBXGroup;
			children = (
				DC4DB69F205842B3004AC8C2 /* NSAttributedString+HTML.swift */,
				DC4DB6A0205842B3004AC8C2 /* String+ToHTML.swift */,
			);
			path = Extensions;
			sourceTree = "<group>";
		};
		DC4DB6A3205842B3004AC8C2 /* Views */ = {
			isa = PBXGroup;
			children = (
				DC4DB6A4205842B3004AC8C2 /* DownView.swift */,
			);
			path = Views;
			sourceTree = "<group>";
		};
		DC4DB6A5205842B3004AC8C2 /* Enums & Options */ = {
			isa = PBXGroup;
			children = (
				DC4DB6A6205842B3004AC8C2 /* DownOptions.swift */,
				DC4DB6A7205842B3004AC8C2 /* DownErrors.swift */,
			);
			path = "Enums & Options";
			sourceTree = "<group>";
		};
		DC4DB6A8205842B3004AC8C2 /* cmark */ = {
			isa = PBXGroup;
			children = (
				DC4DB6A9205842B3004AC8C2 /* xml.c */,
				DC4DB6AA205842B3004AC8C2 /* cmark.c */,
				DC4DB6AB205842B3004AC8C2 /* man.c */,
				DC4DB6AC205842B3004AC8C2 /* buffer.c */,
				DC4DB6AD205842B3004AC8C2 /* blocks.c */,
				DC4DB6AE205842B3004AC8C2 /* debug.h */,
				DC4DB6AF205842B3004AC8C2 /* cmark_ctype.c */,
				DC4DB6B0205842B3004AC8C2 /* cmark_export.h */,
				DC4DB6B1205842B3004AC8C2 /* inlines.c */,
				DC4DB6B2205842B3004AC8C2 /* latex.c */,
				DC4DB6B3205842B3004AC8C2 /* houdini_href_e.c */,
				DC4DB6B4205842B3004AC8C2 /* config.h */,
				DC4DB6B5205842B3004AC8C2 /* chunk.h */,
				DC4DB6B6205842B3004AC8C2 /* case_fold_switch.inc */,
				DC4DB6B7205842B3004AC8C2 /* entities.inc */,
				DC4DB6B8205842B3004AC8C2 /* parser.h */,
				DC4DB6B9205842B3004AC8C2 /* houdini_html_e.c */,
				DC4DB6BA205842B3004AC8C2 /* scanners.h */,
				DC4DB6BB205842B3004AC8C2 /* node.h */,
				DC4DB6BC205842B3004AC8C2 /* utf8.c */,
				DC4DB6BD205842B3004AC8C2 /* references.c */,
				DC4DB6BE205842B3004AC8C2 /* render.c */,
				DC4DB6BF205842B3004AC8C2 /* iterator.c */,
				DC4DB6C0205842B3004AC8C2 /* cmark_version.h */,
				DC4DB6C1205842B3004AC8C2 /* cmark_ctype.h */,
				DC4DB6C2205842B3004AC8C2 /* buffer.h */,
				DC4DB6C3205842B3004AC8C2 /* COPYING */,
				DC4DB6C4205842B3004AC8C2 /* cmark.h */,
				DC4DB6C5205842B3004AC8C2 /* commonmark.c */,
				DC4DB6C6205842B3004AC8C2 /* html.c */,
				DC4DB6C7205842B3004AC8C2 /* inlines.h */,
				DC4DB6C8205842B3004AC8C2 /* scanners.c */,
				DC4DB6C9205842B3004AC8C2 /* module.modulemap */,
				DC4DB6CA205842B3004AC8C2 /* houdini.h */,
				DC4DB6CB205842B3004AC8C2 /* html_unescape.h */,
				DC4DB6CC205842B3004AC8C2 /* iterator.h */,
				DC4DB6CD205842B3004AC8C2 /* houdini_html_u.c */,
				DC4DB6CE205842B3004AC8C2 /* utf8.h */,
				DC4DB6CF205842B3004AC8C2 /* node.c */,
				DC4DB6D0205842B3004AC8C2 /* references.h */,
				DC4DB6D1205842B3004AC8C2 /* render.h */,
			);
			path = cmark;
			sourceTree = "<group>";
		};
		DC8353061EA09CAE005F54CB /* Playground */ = {
			isa = PBXGroup;
			children = (
				DC8353071EA09CAE005F54CB /* EpubWriter_tests.swift */,
				DC8353081EA09CAE005F54CB /* FileFinder_tests.swift */,
			);
			path = Playground;
			sourceTree = "<group>";
		};
		DCC7079A1EC10C9B00C9D43E /* Markdown */ = {
			isa = PBXGroup;
			children = (
				DCD2DA461EC4F0B400191A7D /* DownMarkdown.swift */,
				DCC7079B1EC10C9B00C9D43E /* PlainMarkdown.swift */,
				DCC7079E1EC10CE600C9D43E /* MarkdownConverter.swift */,
				DCC707A11EC10E8600C9D43E /* Markdown.swift */,
			);
			path = Markdown;
			sourceTree = "<group>";
		};
		DCD2D9E41EC4EEC300191A7D /* Libraries */ = {
			isa = PBXGroup;
			children = (
				DC4DB694205842B3004AC8C2 /* Down */,
				DC0651B81EC626B300C41CBB /* ZipZap */,
			);
			path = Libraries;
			sourceTree = "<group>";
		};
/* End PBXGroup section */

/* Begin PBXNativeTarget section */
		DC1D61B31E72AA080048EE84 /* epubgen */ = {
			isa = PBXNativeTarget;
			buildConfigurationList = DC1D61BB1E72AA080048EE84 /* Build configuration list for PBXNativeTarget "epubgen" */;
			buildPhases = (
				DC1D61B01E72AA080048EE84 /* Sources */,
				DC1D61B11E72AA080048EE84 /* Frameworks */,
				DC1D61B21E72AA080048EE84 /* CopyFiles */,
			);
			buildRules = (
			);
			dependencies = (
			);
			name = epubgen;
			productName = epubgen;
			productReference = DC1D61B41E72AA080048EE84 /* epubgen */;
			productType = "com.apple.product-type.tool";
		};
		DC2A39601E749EBE00643120 /* epubgen-tests */ = {
			isa = PBXNativeTarget;
			buildConfigurationList = DC2A39661E749EBE00643120 /* Build configuration list for PBXNativeTarget "epubgen-tests" */;
			buildPhases = (
				DC2A395D1E749EBE00643120 /* Sources */,
				DC2A395E1E749EBE00643120 /* Frameworks */,
				DC2A395F1E749EBE00643120 /* Resources */,
			);
			buildRules = (
			);
			dependencies = (
			);
			name = "epubgen-tests";
			productName = "epubgen-tests";
			productReference = DC2A39611E749EBE00643120 /* epubgen-tests.xctest */;
			productType = "com.apple.product-type.bundle.unit-test";
		};
/* End PBXNativeTarget section */

/* Begin PBXProject section */
		DC1D61AC1E72AA080048EE84 /* Project object */ = {
			isa = PBXProject;
			attributes = {
				LastSwiftUpdateCheck = 0820;
				LastUpgradeCheck = 1010;
				ORGANIZATIONNAME = drjackyl.de;
				TargetAttributes = {
					DC1D61B31E72AA080048EE84 = {
						CreatedOnToolsVersion = 8.2.1;
						DevelopmentTeam = 5ZJJU69C7F;
						LastSwiftMigration = 0920;
						ProvisioningStyle = Automatic;
					};
					DC2A39601E749EBE00643120 = {
						CreatedOnToolsVersion = 8.2.1;
						DevelopmentTeam = 5ZJJU69C7F;
						ProvisioningStyle = Automatic;
					};
				};
			};
			buildConfigurationList = DC1D61AF1E72AA080048EE84 /* Build configuration list for PBXProject "epubgen" */;
			compatibilityVersion = "Xcode 3.2";
			developmentRegion = English;
			hasScannedForEncodings = 0;
			knownRegions = (
				en,
			);
			mainGroup = DC1D61AB1E72AA080048EE84;
			productRefGroup = DC1D61B51E72AA080048EE84 /* Products */;
			projectDirPath = "";
			projectRoot = "";
			targets = (
				DC1D61B31E72AA080048EE84 /* epubgen */,
				DC2A39601E749EBE00643120 /* epubgen-tests */,
			);
		};
/* End PBXProject section */

/* Begin PBXResourcesBuildPhase section */
		DC2A395F1E749EBE00643120 /* Resources */ = {
			isa = PBXResourcesBuildPhase;
			buildActionMask = 2147483647;
			files = (
			);
			runOnlyForDeploymentPostprocessing = 0;
		};
/* End PBXResourcesBuildPhase section */

/* Begin PBXSourcesBuildPhase section */
		DC1D61B01E72AA080048EE84 /* Sources */ = {
			isa = PBXSourcesBuildPhase;
			buildActionMask = 2147483647;
			files = (
				DC4DB6EC205842B3004AC8C2 /* utf8.c in Sources */,
				DC1D61FF1E731D630048EE84 /* XmlConvertible.swift in Sources */,
				DC4DB6D5205842B3004AC8C2 /* DownXMLRenderable.swift in Sources */,
				DC4DB6D3205842B3004AC8C2 /* DownAttributedStringRenderable.swift in Sources */,
				DC0651EB1EC626B300C41CBB /* ZZDeflateOutputStream.m in Sources */,
				DC0651F51EC626B300C41CBB /* ZZStandardDecryptInputStream.mm in Sources */,
				DC2A39A01E7688AA00643120 /* Constants.swift in Sources */,
				DC28CDBA22198D7B004F676D /* ContentOpfSpineEpub2.swift in Sources */,
				DCC7079C1EC10C9B00C9D43E /* PlainMarkdown.swift in Sources */,
				DC4DB6E4205842B3004AC8C2 /* blocks.c in Sources */,
				DC0651E51EC626B300C41CBB /* ZZAESDecryptInputStream.mm in Sources */,
				DC2A39A21E768C6900643120 /* FileTypes.swift in Sources */,
				DC4DB6E1205842B3004AC8C2 /* cmark.c in Sources */,
				DCC7079F1EC10CE600C9D43E /* MarkdownConverter.swift in Sources */,
				DC4DB6D7205842B3004AC8C2 /* DownASTRenderable.swift in Sources */,
				DC8353161EA36E28005F54CB /* Help.swift in Sources */,
				DC1D62011E7321E90048EE84 /* ContentOpfMetadata.swift in Sources */,
				DC4DB6E2205842B3004AC8C2 /* man.c in Sources */,
				DC4DB6E5205842B3004AC8C2 /* cmark_ctype.c in Sources */,
				DC28CDB42219793A004F676D /* TocNcx.swift in Sources */,
				DC1D61FD1E731CD20048EE84 /* ContentOpf.swift in Sources */,
				DCC707A21EC10E8600C9D43E /* Markdown.swift in Sources */,
				DC1D62061E7360A90048EE84 /* ContentOpfManifest.swift in Sources */,
				DC0651EE1EC626B300C41CBB /* ZZFileChannelOutput.m in Sources */,
				DC4DB6D8205842B3004AC8C2 /* DownCommonMarkRenderable.swift in Sources */,
				DC1D620A1E7367F10048EE84 /* TocXhtml.swift in Sources */,
				DCC707961EC1064000C9D43E /* XhtmlDocument.swift in Sources */,
				DC0652011EC62E2E00C41CBB /* ZipZapEpubPacker.swift in Sources */,
				DC4DB6D4205842B3004AC8C2 /* DownGroffRenderable.swift in Sources */,
				DC3168C4221FEB58003868C8 /* epub2gen.swift in Sources */,
				DC3168C2221BFAFE003868C8 /* Epub2Writer.swift in Sources */,
				DC2A395C1E7494DE00643120 /* FileFinder.swift in Sources */,
				DC1D62041E734B140048EE84 /* Xml.swift in Sources */,
				DC4DB6D2205842B3004AC8C2 /* DownRenderable.swift in Sources */,
				DC1D62161E7371570048EE84 /* Output.swift in Sources */,
				DC1D62151E7371570048EE84 /* DispatchQueueFactory.swift in Sources */,
				DC0651EC1EC626B300C41CBB /* ZZError.m in Sources */,
				DC0651F21EC626B300C41CBB /* ZZOldArchiveEntry.mm in Sources */,
				DC0651F61EC626B300C41CBB /* ZZStoreOutputStream.m in Sources */,
				DC0651F41EC626B300C41CBB /* ZZStandardCryptoEngine.cpp in Sources */,
				DC4094001EC3B7DF0020EC34 /* ConfigFileParser.swift in Sources */,
				DC4DB6ED205842B3004AC8C2 /* references.c in Sources */,
				DC4DB6DD205842B3004AC8C2 /* DownView.swift in Sources */,
				DC4DB6F0205842B4004AC8C2 /* commonmark.c in Sources */,
				DC4DB6E0205842B3004AC8C2 /* xml.c in Sources */,
				DC1D620E1E73707F0048EE84 /* String.swift in Sources */,
				DC4093FE1EC3B7DF0020EC34 /* Config.swift in Sources */,
				DC0651E71EC626B300C41CBB /* ZZArchiveEntry.m in Sources */,
				DC0651E61EC626B300C41CBB /* ZZArchive.mm in Sources */,
				DC4DB6F4205842B4004AC8C2 /* node.c in Sources */,
				DC0651F11EC626B300C41CBB /* ZZNewArchiveEntryWriter.mm in Sources */,
				DC8352FF1E9EA273005F54CB /* EpubWriter.swift in Sources */,
				DC4DB6E6205842B3004AC8C2 /* inlines.c in Sources */,
				DC4DB6E7205842B3004AC8C2 /* latex.c in Sources */,
				DC0651FF1EC62CBB00C41CBB /* EpubPacker.swift in Sources */,
				DC3168CA22200618003868C8 /* XhtmlDocumentEpub2.swift in Sources */,
				DC4DB6F2205842B4004AC8C2 /* scanners.c in Sources */,
				DC0651E91EC626B300C41CBB /* ZZDataChannel.m in Sources */,
				DC0652031EC62E8A00C41CBB /* Packer.swift in Sources */,
				DC0651F01EC626B300C41CBB /* ZZNewArchiveEntry.mm in Sources */,
				DC1D62171E7371570048EE84 /* RegEx.swift in Sources */,
				DC8E11B61E7A844300BC5D25 /* TemporaryDirectory.swift in Sources */,
				DC4DB6DF205842B3004AC8C2 /* DownErrors.swift in Sources */,
				DC4DB6DA205842B3004AC8C2 /* NSAttributedString+HTML.swift in Sources */,
				DC4DB6EF205842B4004AC8C2 /* iterator.c in Sources */,
				DC1D62081E73665B0048EE84 /* ContentOpfSpine.swift in Sources */,
				DC4DB6EB205842B3004AC8C2 /* houdini_html_e.c in Sources */,
				DC28CDB1221978FA004F676D /* ContentOpfEpub2.swift in Sources */,
				DC4DB6E8205842B3004AC8C2 /* houdini_href_e.c in Sources */,
				DC1D61BF1E72AA350048EE84 /* epub3gen.swift in Sources */,
				DC3168C7221FF071003868C8 /* epubgen.swift in Sources */,
				DC4DB6DE205842B3004AC8C2 /* DownOptions.swift in Sources */,
				DC4DB6D6205842B3004AC8C2 /* DownHTMLRenderable.swift in Sources */,
				DC8353021E9EA694005F54CB /* ContainerXml.swift in Sources */,
				DC4DB6E3205842B3004AC8C2 /* buffer.c in Sources */,
				DCD2DA471EC4F0B400191A7D /* DownMarkdown.swift in Sources */,
				DC28CDB72219805E004F676D /* ContentOpfMetadataEpub2.swift in Sources */,
				DC1D61B81E72AA080048EE84 /* main.swift in Sources */,
				DC1D620C1E736CF10048EE84 /* Epub.swift in Sources */,
				DC0651F31EC626B300C41CBB /* ZZOldArchiveEntryWriter.mm in Sources */,
				DC28CDBD22199099004F676D /* ContentOpfGuide.swift in Sources */,
				DC4093F91EC3B7C40020EC34 /* TextFileReader.swift in Sources */,
				DC4DB6F3205842B4004AC8C2 /* houdini_html_u.c in Sources */,
				DC0651E81EC626B300C41CBB /* ZZConstants.m in Sources */,
				DC4DB6DC205842B3004AC8C2 /* Down.swift in Sources */,
				DC4DB6EE205842B3004AC8C2 /* render.c in Sources */,
				DC8353111EA2414D005F54CB /* URL.swift in Sources */,
				DC0651EF1EC626B300C41CBB /* ZZInflateInputStream.m in Sources */,
				DC28CDAE221977DD004F676D /* Epub2.swift in Sources */,
				DC0651EA1EC626B300C41CBB /* ZZDataChannelOutput.m in Sources */,
				DC4DB6D9205842B3004AC8C2 /* DownLaTeXRenderable.swift in Sources */,
				DC4DB6DB205842B3004AC8C2 /* String+ToHTML.swift in Sources */,
				DC4DB6F1205842B4004AC8C2 /* html.c in Sources */,
				DC0651ED1EC626B300C41CBB /* ZZFileChannel.m in Sources */,
			);
			runOnlyForDeploymentPostprocessing = 0;
		};
		DC2A395D1E749EBE00643120 /* Sources */ = {
			isa = PBXSourcesBuildPhase;
			buildActionMask = 2147483647;
			files = (
				DC2A39791E74A04400643120 /* Output.swift in Sources */,
				DC2A39A41E768C6C00643120 /* Constants.swift in Sources */,
				DC4093FF1EC3B7DF0020EC34 /* Config.swift in Sources */,
				DC2A39711E74A03B00643120 /* ContentOpfManifest.swift in Sources */,
				DC2A39751E74A04000643120 /* String.swift in Sources */,
				DC2A397B1E74A04400643120 /* XmlConvertible.swift in Sources */,
				DC3168C8221FF071003868C8 /* epubgen.swift in Sources */,
				DC3168C5221FEB58003868C8 /* epub2gen.swift in Sources */,
				DC83530A1EA09CAE005F54CB /* FileFinder_tests.swift in Sources */,
				DC8E11B71E7A844300BC5D25 /* TemporaryDirectory.swift in Sources */,
				DC4093FA1EC3B7C40020EC34 /* TextFileReader.swift in Sources */,
				DC2A39781E74A04400643120 /* DispatchQueueFactory.swift in Sources */,
				DC2A39721E74A03B00643120 /* ContentOpfSpine.swift in Sources */,
				DC2A397C1E74A23E00643120 /* epub3gen.swift in Sources */,
				DC8353121EA2414D005F54CB /* URL.swift in Sources */,
				DCC707A31EC10E8600C9D43E /* Markdown.swift in Sources */,
				DC2A39A31E768C6900643120 /* FileTypes.swift in Sources */,
				DC28CDB52219793A004F676D /* TocNcx.swift in Sources */,
				DC28CDBE22199099004F676D /* ContentOpfGuide.swift in Sources */,
				DCC707A01EC10CE600C9D43E /* MarkdownConverter.swift in Sources */,
				DC8353171EA36E28005F54CB /* Help.swift in Sources */,
				DC8353031E9EA694005F54CB /* ContainerXml.swift in Sources */,
				DC8353001E9EA27F005F54CB /* EpubWriter.swift in Sources */,
				DCC7079D1EC10C9B00C9D43E /* PlainMarkdown.swift in Sources */,
				DC3168CB22200618003868C8 /* XhtmlDocumentEpub2.swift in Sources */,
				DC4094011EC3B7DF0020EC34 /* ConfigFileParser.swift in Sources */,
				DC2A39641E749EBE00643120 /* epubgen_tests.swift in Sources */,
				DC28CDB82219805E004F676D /* ContentOpfMetadataEpub2.swift in Sources */,
				DC2A39731E74A03B00643120 /* TocXhtml.swift in Sources */,
				DC2A39701E74A03B00643120 /* ContentOpfMetadata.swift in Sources */,
				DC28CDAF221977DD004F676D /* Epub2.swift in Sources */,
				DC8353091EA09CAE005F54CB /* EpubWriter_tests.swift in Sources */,
				DC28CDB2221978FA004F676D /* ContentOpfEpub2.swift in Sources */,
				DC28CDBB22198D7B004F676D /* ContentOpfSpineEpub2.swift in Sources */,
				DC2A396F1E74A03B00643120 /* ContentOpf.swift in Sources */,
				DC2A39741E74A03B00643120 /* Epub.swift in Sources */,
				DC2A39771E74A04000643120 /* main.swift in Sources */,
				DCC707971EC1064000C9D43E /* XhtmlDocument.swift in Sources */,
				DC2A396B1E749FB600643120 /* FileFinder.swift in Sources */,
				DC2A397A1E74A04400643120 /* RegEx.swift in Sources */,
				DC2A39761E74A04000643120 /* Xml.swift in Sources */,
			);
			runOnlyForDeploymentPostprocessing = 0;
		};
/* End PBXSourcesBuildPhase section */

/* Begin XCBuildConfiguration section */
		DC1D61B91E72AA080048EE84 /* Debug */ = {
			isa = XCBuildConfiguration;
			buildSettings = {
				ALWAYS_SEARCH_USER_PATHS = NO;
				CLANG_ANALYZER_NONNULL = YES;
				CLANG_CXX_LANGUAGE_STANDARD = "gnu++0x";
				CLANG_CXX_LIBRARY = "libc++";
				CLANG_ENABLE_MODULES = YES;
				CLANG_ENABLE_OBJC_ARC = YES;
				CLANG_WARN_BLOCK_CAPTURE_AUTORELEASING = YES;
				CLANG_WARN_BOOL_CONVERSION = YES;
				CLANG_WARN_COMMA = YES;
				CLANG_WARN_CONSTANT_CONVERSION = YES;
				CLANG_WARN_DEPRECATED_OBJC_IMPLEMENTATIONS = YES;
				CLANG_WARN_DIRECT_OBJC_ISA_USAGE = YES_ERROR;
				CLANG_WARN_DOCUMENTATION_COMMENTS = YES;
				CLANG_WARN_EMPTY_BODY = YES;
				CLANG_WARN_ENUM_CONVERSION = YES;
				CLANG_WARN_INFINITE_RECURSION = YES;
				CLANG_WARN_INT_CONVERSION = YES;
				CLANG_WARN_NON_LITERAL_NULL_CONVERSION = YES;
				CLANG_WARN_OBJC_IMPLICIT_RETAIN_SELF = YES;
				CLANG_WARN_OBJC_LITERAL_CONVERSION = YES;
				CLANG_WARN_OBJC_ROOT_CLASS = YES_ERROR;
				CLANG_WARN_RANGE_LOOP_ANALYSIS = YES;
				CLANG_WARN_STRICT_PROTOTYPES = YES;
				CLANG_WARN_SUSPICIOUS_MOVE = YES;
				CLANG_WARN_UNREACHABLE_CODE = YES;
				CLANG_WARN__DUPLICATE_METHOD_MATCH = YES;
				CODE_SIGN_IDENTITY = "-";
				COPY_PHASE_STRIP = NO;
				DEBUG_INFORMATION_FORMAT = dwarf;
				ENABLE_STRICT_OBJC_MSGSEND = YES;
				ENABLE_TESTABILITY = YES;
				GCC_C_LANGUAGE_STANDARD = gnu99;
				GCC_DYNAMIC_NO_PIC = NO;
				GCC_NO_COMMON_BLOCKS = YES;
				GCC_OPTIMIZATION_LEVEL = 0;
				GCC_PREPROCESSOR_DEFINITIONS = (
					"DEBUG=1",
					"$(inherited)",
				);
				GCC_WARN_64_TO_32_BIT_CONVERSION = YES;
				GCC_WARN_ABOUT_RETURN_TYPE = YES_ERROR;
				GCC_WARN_UNDECLARED_SELECTOR = YES;
				GCC_WARN_UNINITIALIZED_AUTOS = YES_AGGRESSIVE;
				GCC_WARN_UNUSED_FUNCTION = YES;
				GCC_WARN_UNUSED_VARIABLE = YES;
				MACOSX_DEPLOYMENT_TARGET = 10.12;
				MTL_ENABLE_DEBUG_INFO = YES;
				ONLY_ACTIVE_ARCH = YES;
				SDKROOT = macosx;
				SWIFT_OPTIMIZATION_LEVEL = "-Onone";
			};
			name = Debug;
		};
		DC1D61BA1E72AA080048EE84 /* Release */ = {
			isa = XCBuildConfiguration;
			buildSettings = {
				ALWAYS_SEARCH_USER_PATHS = NO;
				CLANG_ANALYZER_NONNULL = YES;
				CLANG_CXX_LANGUAGE_STANDARD = "gnu++0x";
				CLANG_CXX_LIBRARY = "libc++";
				CLANG_ENABLE_MODULES = YES;
				CLANG_ENABLE_OBJC_ARC = YES;
				CLANG_WARN_BLOCK_CAPTURE_AUTORELEASING = YES;
				CLANG_WARN_BOOL_CONVERSION = YES;
				CLANG_WARN_COMMA = YES;
				CLANG_WARN_CONSTANT_CONVERSION = YES;
				CLANG_WARN_DEPRECATED_OBJC_IMPLEMENTATIONS = YES;
				CLANG_WARN_DIRECT_OBJC_ISA_USAGE = YES_ERROR;
				CLANG_WARN_DOCUMENTATION_COMMENTS = YES;
				CLANG_WARN_EMPTY_BODY = YES;
				CLANG_WARN_ENUM_CONVERSION = YES;
				CLANG_WARN_INFINITE_RECURSION = YES;
				CLANG_WARN_INT_CONVERSION = YES;
				CLANG_WARN_NON_LITERAL_NULL_CONVERSION = YES;
				CLANG_WARN_OBJC_IMPLICIT_RETAIN_SELF = YES;
				CLANG_WARN_OBJC_LITERAL_CONVERSION = YES;
				CLANG_WARN_OBJC_ROOT_CLASS = YES_ERROR;
				CLANG_WARN_RANGE_LOOP_ANALYSIS = YES;
				CLANG_WARN_STRICT_PROTOTYPES = YES;
				CLANG_WARN_SUSPICIOUS_MOVE = YES;
				CLANG_WARN_UNREACHABLE_CODE = YES;
				CLANG_WARN__DUPLICATE_METHOD_MATCH = YES;
				CODE_SIGN_IDENTITY = "-";
				COPY_PHASE_STRIP = NO;
				DEBUG_INFORMATION_FORMAT = "dwarf-with-dsym";
				ENABLE_NS_ASSERTIONS = NO;
				ENABLE_STRICT_OBJC_MSGSEND = YES;
				GCC_C_LANGUAGE_STANDARD = gnu99;
				GCC_NO_COMMON_BLOCKS = YES;
				GCC_WARN_64_TO_32_BIT_CONVERSION = YES;
				GCC_WARN_ABOUT_RETURN_TYPE = YES_ERROR;
				GCC_WARN_UNDECLARED_SELECTOR = YES;
				GCC_WARN_UNINITIALIZED_AUTOS = YES_AGGRESSIVE;
				GCC_WARN_UNUSED_FUNCTION = YES;
				GCC_WARN_UNUSED_VARIABLE = YES;
				MACOSX_DEPLOYMENT_TARGET = 10.12;
				MTL_ENABLE_DEBUG_INFO = NO;
				SDKROOT = macosx;
				SWIFT_OPTIMIZATION_LEVEL = "-Owholemodule";
			};
			name = Release;
		};
		DC1D61BC1E72AA080048EE84 /* Debug */ = {
			isa = XCBuildConfiguration;
			buildSettings = {
				DEVELOPMENT_TEAM = 5ZJJU69C7F;
				PRODUCT_NAME = "$(TARGET_NAME)";
				SWIFT_INCLUDE_PATHS = "${SRCROOT}/Libraries/Down/cmark";
				SWIFT_OBJC_BRIDGING_HEADER = "${SRCROOT}/epubgen/epubgen-Bridging-Header.h";
				SWIFT_SWIFT3_OBJC_INFERENCE = Default;
				SWIFT_VERSION = 4.0;
			};
			name = Debug;
		};
		DC1D61BD1E72AA080048EE84 /* Release */ = {
			isa = XCBuildConfiguration;
			buildSettings = {
				DEVELOPMENT_TEAM = 5ZJJU69C7F;
				PRODUCT_NAME = "$(TARGET_NAME)";
				SWIFT_INCLUDE_PATHS = "${SRCROOT}/Libraries/Down/cmark";
				SWIFT_OBJC_BRIDGING_HEADER = "${SRCROOT}/epubgen/epubgen-Bridging-Header.h";
				SWIFT_SWIFT3_OBJC_INFERENCE = Default;
				SWIFT_VERSION = 4.0;
			};
			name = Release;
		};
		DC2A39671E749EBE00643120 /* Debug */ = {
			isa = XCBuildConfiguration;
			buildSettings = {
				COMBINE_HIDPI_IMAGES = YES;
				DEVELOPMENT_TEAM = 5ZJJU69C7F;
				INFOPLIST_FILE = "epubgen-tests/Info.plist";
				LD_RUNPATH_SEARCH_PATHS = "$(inherited) @executable_path/../Frameworks @loader_path/../Frameworks";
				PRODUCT_BUNDLE_IDENTIFIER = "de.drjackyl.epubgen-tests";
				PRODUCT_NAME = "$(TARGET_NAME)";
				SWIFT_ACTIVE_COMPILATION_CONDITIONS = DEBUG;
				SWIFT_VERSION = 3.0;
			};
			name = Debug;
		};
		DC2A39681E749EBE00643120 /* Release */ = {
			isa = XCBuildConfiguration;
			buildSettings = {
				COMBINE_HIDPI_IMAGES = YES;
				DEVELOPMENT_TEAM = 5ZJJU69C7F;
				INFOPLIST_FILE = "epubgen-tests/Info.plist";
				LD_RUNPATH_SEARCH_PATHS = "$(inherited) @executable_path/../Frameworks @loader_path/../Frameworks";
				PRODUCT_BUNDLE_IDENTIFIER = "de.drjackyl.epubgen-tests";
				PRODUCT_NAME = "$(TARGET_NAME)";
				SWIFT_OPTIMIZATION_LEVEL = "-Owholemodule";
				SWIFT_VERSION = 3.0;
			};
			name = Release;
		};
/* End XCBuildConfiguration section */

/* Begin XCConfigurationList section */
		DC1D61AF1E72AA080048EE84 /* Build configuration list for PBXProject "epubgen" */ = {
			isa = XCConfigurationList;
			buildConfigurations = (
				DC1D61B91E72AA080048EE84 /* Debug */,
				DC1D61BA1E72AA080048EE84 /* Release */,
			);
			defaultConfigurationIsVisible = 0;
			defaultConfigurationName = Release;
		};
		DC1D61BB1E72AA080048EE84 /* Build configuration list for PBXNativeTarget "epubgen" */ = {
			isa = XCConfigurationList;
			buildConfigurations = (
				DC1D61BC1E72AA080048EE84 /* Debug */,
				DC1D61BD1E72AA080048EE84 /* Release */,
			);
			defaultConfigurationIsVisible = 0;
			defaultConfigurationName = Release;
		};
		DC2A39661E749EBE00643120 /* Build configuration list for PBXNativeTarget "epubgen-tests" */ = {
			isa = XCConfigurationList;
			buildConfigurations = (
				DC2A39671E749EBE00643120 /* Debug */,
				DC2A39681E749EBE00643120 /* Release */,
			);
			defaultConfigurationIsVisible = 0;
			defaultConfigurationName = Release;
		};
/* End XCConfigurationList section */
	};
	rootObject = DC1D61AC1E72AA080048EE84 /* Project object */;
}
